{
  "version": 4,
  "terraform_version": "1.0.5",
  "serial": 1279,
  "lineage": "0043c15c-9ff0-4e14-d5c0-aa9df6a49390",
  "outputs": {
    "LoadBalancer_IP": {
      "value": "http://45.225.26.130:8080",
      "type": "string"
    }
  },
  "resources": [
    {
      "mode": "data",
      "type": "openstack_images_image_v2",
      "name": "ubuntu_18",
      "provider": "provider[\"registry.terraform.io/terraform-provider-openstack/openstack\"]",
      "instances": [
        {
          "schema_version": 0,
          "attributes": {
            "checksum": "f97f58f4aeb9ad43039d104aea24c88a",
            "container_format": "bare",
            "created_at": "2020-12-08T14:10:55Z",
            "disk_format": "raw",
            "file": "/v2/images/4b17fe1c-333d-49c0-8b82-6d5a9239979b/file",
            "id": "4b17fe1c-333d-49c0-8b82-6d5a9239979b",
            "member_status": null,
            "metadata": {},
            "min_disk_gb": 0,
            "min_ram_mb": 0,
            "most_recent": true,
            "name": "BC-Ubuntu-20.04",
            "owner": "bc456e64a3ff46f79aca6dac9016f07b",
            "properties": null,
            "protected": false,
            "region": null,
            "schema": "/v2/schemas/image",
            "size_bytes": 2361393152,
            "size_max": null,
            "size_min": null,
            "sort_direction": "asc",
            "sort_key": "name",
            "tag": null,
            "tags": [],
            "updated_at": "2020-12-11T16:47:58Z",
            "visibility": "public"
          },
          "sensitive_attributes": []
        }
      ]
    },
    {
      "mode": "managed",
      "type": "openstack_compute_instance_v2",
      "name": "http",
      "provider": "provider[\"registry.terraform.io/terraform-provider-openstack/openstack\"]",
      "instances": [
        {
          "schema_version": 0,
          "attributes": {
            "access_ip_v4": "192.168.1.72",
            "access_ip_v6": "",
            "admin_pass": null,
            "all_metadata": {},
            "all_tags": [],
            "availability_zone": "sp-01-a",
            "availability_zone_hints": null,
            "block_device": [
              {
                "boot_index": 0,
                "delete_on_termination": true,
                "destination_type": "volume",
                "device_type": "",
                "disk_bus": "",
                "guest_format": "",
                "source_type": "image",
                "uuid": "4b17fe1c-333d-49c0-8b82-6d5a9239979b",
                "volume_size": 30,
                "volume_type": ""
              }
            ],
            "config_drive": null,
            "flavor_id": "bc1-b-1-2",
            "flavor_name": "bc1-basic-1-2",
            "floating_ip": null,
            "force_delete": false,
            "id": "a1363da3-4b9a-4605-bbbe-70dcc980dc84",
            "image_id": "Attempt to boot from volume - no image supplied",
            "image_name": null,
            "key_pair": "user-key",
            "metadata": null,
            "name": "web01",
            "network": [
              {
                "access_network": false,
                "fixed_ip_v4": "192.168.1.72",
                "fixed_ip_v6": "",
                "floating_ip": "",
                "mac": "fa:16:3e:a6:17:de",
                "name": "network-v4",
                "port": "9628a167-4caa-47bd-93c1-08347306b0d5",
                "uuid": "8ca6514c-aa71-4181-9d8e-256b7cb98dd3"
              }
            ],
            "network_mode": null,
            "personality": [],
            "power_state": "active",
            "region": "BR-SP-01",
            "scheduler_hints": [],
            "security_groups": [
              "http",
              "ssh"
            ],
            "stop_before_destroy": false,
            "tags": null,
            "timeouts": null,
            "user_data": "3c1d6ed31345f47c25cb5ba64473a4e81029f4da",
            "vendor_options": [],
            "volume": []
          },
          "sensitive_attributes": [],
          "private": "eyJlMmJmYjczMC1lY2FhLTExZTYtOGY4OC0zNDM2M2JjN2M0YzAiOnsiY3JlYXRlIjoxODAwMDAwMDAwMDAwLCJkZWxldGUiOjE4MDAwMDAwMDAwMDAsInVwZGF0ZSI6MTgwMDAwMDAwMDAwMH19",
          "dependencies": [
            "data.openstack_images_image_v2.ubuntu_18",
            "openstack_compute_keypair_v2.user_key",
            "openstack_compute_secgroup_v2.http",
            "openstack_compute_secgroup_v2.ssh",
            "openstack_networking_network_v2.network_v4",
            "openstack_networking_port_v2.http_int_v4",
            "openstack_networking_subnet_v2.subnet_v4"
          ]
        }
      ]
    },
    {
      "mode": "managed",
      "type": "openstack_compute_instance_v2",
      "name": "http2",
      "provider": "provider[\"registry.terraform.io/terraform-provider-openstack/openstack\"]",
      "instances": [
        {
          "schema_version": 0,
          "attributes": {
            "access_ip_v4": "192.168.1.173",
            "access_ip_v6": "",
            "admin_pass": null,
            "all_metadata": {},
            "all_tags": [],
            "availability_zone": "sp-01-a",
            "availability_zone_hints": null,
            "block_device": [
              {
                "boot_index": 0,
                "delete_on_termination": true,
                "destination_type": "volume",
                "device_type": "",
                "disk_bus": "",
                "guest_format": "",
                "source_type": "image",
                "uuid": "4b17fe1c-333d-49c0-8b82-6d5a9239979b",
                "volume_size": 30,
                "volume_type": ""
              }
            ],
            "config_drive": null,
            "flavor_id": "bc1-b-1-2",
            "flavor_name": "bc1-basic-1-2",
            "floating_ip": null,
            "force_delete": false,
            "id": "d3245d0b-f660-46b2-88c8-193002bd5855",
            "image_id": "Attempt to boot from volume - no image supplied",
            "image_name": null,
            "key_pair": "user-key",
            "metadata": null,
            "name": "web02",
            "network": [
              {
                "access_network": false,
                "fixed_ip_v4": "192.168.1.173",
                "fixed_ip_v6": "",
                "floating_ip": "",
                "mac": "fa:16:3e:3e:45:73",
                "name": "network-v4",
                "port": "7605b0dd-6ce9-4576-be33-84c8f2485e58",
                "uuid": "8ca6514c-aa71-4181-9d8e-256b7cb98dd3"
              }
            ],
            "network_mode": null,
            "personality": [],
            "power_state": "active",
            "region": "BR-SP-01",
            "scheduler_hints": [],
            "security_groups": [
              "http",
              "ssh"
            ],
            "stop_before_destroy": false,
            "tags": null,
            "timeouts": null,
            "user_data": "afe7a8b9c48d572e0f9f291a800686d60ee69e11",
            "vendor_options": [],
            "volume": []
          },
          "sensitive_attributes": [],
          "private": "eyJlMmJmYjczMC1lY2FhLTExZTYtOGY4OC0zNDM2M2JjN2M0YzAiOnsiY3JlYXRlIjoxODAwMDAwMDAwMDAwLCJkZWxldGUiOjE4MDAwMDAwMDAwMDAsInVwZGF0ZSI6MTgwMDAwMDAwMDAwMH19",
          "dependencies": [
            "data.openstack_images_image_v2.ubuntu_18",
            "openstack_compute_keypair_v2.user_key",
            "openstack_compute_secgroup_v2.http",
            "openstack_compute_secgroup_v2.ssh",
            "openstack_networking_network_v2.network_v4",
            "openstack_networking_port_v2.http2_int_v4",
            "openstack_networking_subnet_v2.subnet_v4"
          ]
        }
      ]
    },
    {
      "mode": "managed",
      "type": "openstack_compute_keypair_v2",
      "name": "user_key",
      "provider": "provider[\"registry.terraform.io/terraform-provider-openstack/openstack\"]",
      "instances": [
        {
          "schema_version": 0,
          "attributes": {
            "fingerprint": "2a:96:ba:25:15:3a:d8:b3:79:64:1d:de:46:f9:cc:ba",
            "id": "user-key",
            "name": "user-key",
            "private_key": "",
            "public_key": "ssh-rsa AAAAB3NzaC1yc2EAAAADAQABAAABAQDBbVAYTW8J3OUiS32ZPi7aGyRkd51pesaemkJCXSpML2i20LZpZudmTYaNhQzzEpB1lu9Y33Cfko8uHJhIT7ZdFysJpx3ycDvu+9ICYNbyv5enX8CN8wvAlA1w3hd9Xcv7g8tyD5I3Qrt+TxfHfyGV9XFkEQaNmk/KOh2nha2avMgNMUZXD+Sjf6j0m91NbziVPWCzSnFKwEmW8qWt+MCQRMJ18KNKmacFgCjE0lHtpsBlCc8fnRrW0JaK7CQJnQ5buWzjEOHLUUdIa/TysAf9tjtlCNrnLDP1WJRBh+8aGw6+wqjKncVoi5ZuLTC5aiak2VbTG6/ROifM27tKDsFL Generated-by-Nova",
            "region": "BR-SP-01",
            "value_specs": null
          },
          "sensitive_attributes": [],
          "private": "bnVsbA=="
        }
      ]
    },
    {
      "mode": "managed",
      "type": "openstack_compute_secgroup_v2",
      "name": "http",
      "provider": "provider[\"registry.terraform.io/terraform-provider-openstack/openstack\"]",
      "instances": [
        {
          "schema_version": 0,
          "attributes": {
            "description": "Open http port",
            "id": "ac62c663-01fc-4508-a928-06be4fc4a889",
            "name": "http",
            "region": "BR-SP-01",
            "rule": [
              {
                "cidr": "0.0.0.0/0",
                "from_group_id": "",
                "from_port": 80,
                "id": "944c0198-9669-455f-90cb-8d554064dd36",
                "ip_protocol": "tcp",
                "self": false,
                "to_port": 80
              }
            ],
            "timeouts": null
          },
          "sensitive_attributes": [],
          "private": "eyJlMmJmYjczMC1lY2FhLTExZTYtOGY4OC0zNDM2M2JjN2M0YzAiOnsiZGVsZXRlIjo2MDAwMDAwMDAwMDB9fQ=="
        }
      ]
    },
    {
      "mode": "managed",
      "type": "openstack_compute_secgroup_v2",
      "name": "ssh",
      "provider": "provider[\"registry.terraform.io/terraform-provider-openstack/openstack\"]",
      "instances": [
        {
          "schema_version": 0,
          "attributes": {
            "description": "Open input ssh port",
            "id": "d793a3a5-01d0-47d7-bb64-a7e37bf2bb46",
            "name": "ssh",
            "region": "BR-SP-01",
            "rule": [
              {
                "cidr": "0.0.0.0/0",
                "from_group_id": "",
                "from_port": 22,
                "id": "603f123c-5c3d-487a-ac56-24b5eb36ce68",
                "ip_protocol": "tcp",
                "self": false,
                "to_port": 22
              }
            ],
            "timeouts": null
          },
          "sensitive_attributes": [],
          "private": "eyJlMmJmYjczMC1lY2FhLTExZTYtOGY4OC0zNDM2M2JjN2M0YzAiOnsiZGVsZXRlIjo2MDAwMDAwMDAwMDB9fQ=="
        }
      ]
    },
    {
      "mode": "managed",
      "type": "openstack_lb_listener_v2",
      "name": "http",
      "provider": "provider[\"registry.terraform.io/terraform-provider-openstack/openstack\"]",
      "instances": [
        {
          "schema_version": 0,
          "attributes": {
            "admin_state_up": true,
            "allowed_cidrs": null,
            "connection_limit": -1,
            "default_pool_id": "",
            "default_tls_container_ref": "",
            "description": "",
            "id": "9b7f7921-2b09-4cb1-9cc8-c477a2013716",
            "insert_headers": null,
            "loadbalancer_id": "c9a613a7-4779-432e-ab3c-dd12dc49196d",
            "name": "listener_http",
            "protocol": "HTTP",
            "protocol_port": 8080,
            "region": "BR-SP-01",
            "sni_container_refs": null,
            "tenant_id": "695912b6be45400b9cbaa63299ef4375",
            "timeout_client_data": 50000,
            "timeout_member_connect": 5000,
            "timeout_member_data": 50000,
            "timeout_tcp_inspect": 0,
            "timeouts": null
          },
          "sensitive_attributes": [],
          "private": "eyJlMmJmYjczMC1lY2FhLTExZTYtOGY4OC0zNDM2M2JjN2M0YzAiOnsiY3JlYXRlIjo2MDAwMDAwMDAwMDAsImRlbGV0ZSI6NjAwMDAwMDAwMDAwLCJ1cGRhdGUiOjYwMDAwMDAwMDAwMH19",
          "dependencies": [
            "data.openstack_images_image_v2.ubuntu_18",
            "openstack_compute_instance_v2.http",
            "openstack_compute_keypair_v2.user_key",
            "openstack_compute_secgroup_v2.http",
            "openstack_compute_secgroup_v2.ssh",
            "openstack_lb_loadbalancer_v2.http",
            "openstack_networking_network_v2.network_v4",
            "openstack_networking_port_v2.http_int_v4",
            "openstack_networking_subnet_v2.subnet_v4"
          ]
        }
      ]
    },
    {
      "mode": "managed",
      "type": "openstack_lb_loadbalancer_v2",
      "name": "http",
      "provider": "provider[\"registry.terraform.io/terraform-provider-openstack/openstack\"]",
      "instances": [
        {
          "schema_version": 0,
          "attributes": {
            "admin_state_up": true,
            "description": "",
            "flavor_id": "39790da9-7f3c-4038-ab3d-08a102c33f71",
            "id": "c9a613a7-4779-432e-ab3c-dd12dc49196d",
            "loadbalancer_provider": "amphora",
            "name": "lb-teste",
            "region": "BR-SP-01",
            "security_group_ids": [
              "636ceb7a-2673-4bad-b414-cbb92f442acd"
            ],
            "tenant_id": "695912b6be45400b9cbaa63299ef4375",
            "timeouts": null,
            "vip_address": "192.168.1.251",
            "vip_network_id": "8ca6514c-aa71-4181-9d8e-256b7cb98dd3",
            "vip_port_id": "8bd19b37-8e07-4c25-9c16-ddf101f8ed3e",
            "vip_subnet_id": "4464d679-2e59-4994-b847-ea0cdbc5448c"
          },
          "sensitive_attributes": [],
          "private": "eyJlMmJmYjczMC1lY2FhLTExZTYtOGY4OC0zNDM2M2JjN2M0YzAiOnsiY3JlYXRlIjo2MDAwMDAwMDAwMDAsImRlbGV0ZSI6MzAwMDAwMDAwMDAwLCJ1cGRhdGUiOjYwMDAwMDAwMDAwMH19",
          "dependencies": [
            "data.openstack_images_image_v2.ubuntu_18",
            "openstack_compute_instance_v2.http",
            "openstack_compute_keypair_v2.user_key",
            "openstack_compute_secgroup_v2.http",
            "openstack_compute_secgroup_v2.ssh",
            "openstack_networking_network_v2.network_v4",
            "openstack_networking_port_v2.http_int_v4",
            "openstack_networking_subnet_v2.subnet_v4"
          ]
        }
      ]
    },
    {
      "mode": "managed",
      "type": "openstack_lb_member_v2",
      "name": "http",
      "provider": "provider[\"registry.terraform.io/terraform-provider-openstack/openstack\"]",
      "instances": [
        {
          "schema_version": 0,
          "attributes": {
            "address": "192.168.1.72",
            "admin_state_up": true,
            "id": "5c9f91a6-d5cf-4538-a2a8-2ca634578812",
            "name": "",
            "pool_id": "023772dd-7b0a-4c2e-a146-249a92bffa9b",
            "protocol_port": 80,
            "region": "BR-SP-01",
            "subnet_id": "4464d679-2e59-4994-b847-ea0cdbc5448c",
            "tenant_id": "695912b6be45400b9cbaa63299ef4375",
            "timeouts": null,
            "weight": 10
          },
          "sensitive_attributes": [],
          "private": "eyJlMmJmYjczMC1lY2FhLTExZTYtOGY4OC0zNDM2M2JjN2M0YzAiOnsiY3JlYXRlIjo2MDAwMDAwMDAwMDAsImRlbGV0ZSI6NjAwMDAwMDAwMDAwLCJ1cGRhdGUiOjYwMDAwMDAwMDAwMH19",
          "dependencies": [
            "data.openstack_images_image_v2.ubuntu_18",
            "openstack_compute_instance_v2.http",
            "openstack_compute_keypair_v2.user_key",
            "openstack_compute_secgroup_v2.http",
            "openstack_compute_secgroup_v2.ssh",
            "openstack_lb_listener_v2.http",
            "openstack_lb_loadbalancer_v2.http",
            "openstack_lb_pool_v2.http",
            "openstack_networking_network_v2.network_v4",
            "openstack_networking_port_v2.http_int_v4",
            "openstack_networking_subnet_v2.subnet_v4"
          ]
        }
      ]
    },
    {
      "mode": "managed",
      "type": "openstack_lb_member_v2",
      "name": "http2",
      "provider": "provider[\"registry.terraform.io/terraform-provider-openstack/openstack\"]",
      "instances": [
        {
          "schema_version": 0,
          "attributes": {
            "address": "192.168.1.173",
            "admin_state_up": true,
            "id": "225f25f7-3b5e-4ec3-b1f2-65329884ac97",
            "name": "",
            "pool_id": "023772dd-7b0a-4c2e-a146-249a92bffa9b",
            "protocol_port": 80,
            "region": "BR-SP-01",
            "subnet_id": "4464d679-2e59-4994-b847-ea0cdbc5448c",
            "tenant_id": "695912b6be45400b9cbaa63299ef4375",
            "timeouts": null,
            "weight": 1
          },
          "sensitive_attributes": [],
          "private": "eyJlMmJmYjczMC1lY2FhLTExZTYtOGY4OC0zNDM2M2JjN2M0YzAiOnsiY3JlYXRlIjo2MDAwMDAwMDAwMDAsImRlbGV0ZSI6NjAwMDAwMDAwMDAwLCJ1cGRhdGUiOjYwMDAwMDAwMDAwMH19",
          "dependencies": [
            "data.openstack_images_image_v2.ubuntu_18",
            "openstack_compute_instance_v2.http",
            "openstack_compute_instance_v2.http2",
            "openstack_compute_keypair_v2.user_key",
            "openstack_compute_secgroup_v2.http",
            "openstack_compute_secgroup_v2.ssh",
            "openstack_lb_listener_v2.http",
            "openstack_lb_loadbalancer_v2.http",
            "openstack_lb_pool_v2.http",
            "openstack_networking_network_v2.network_v4",
            "openstack_networking_port_v2.http2_int_v4",
            "openstack_networking_port_v2.http_int_v4",
            "openstack_networking_subnet_v2.subnet_v4"
          ]
        }
      ]
    },
    {
      "mode": "managed",
      "type": "openstack_lb_monitor_v2",
      "name": "http",
      "provider": "provider[\"registry.terraform.io/terraform-provider-openstack/openstack\"]",
      "instances": [
        {
          "schema_version": 0,
          "attributes": {
            "admin_state_up": true,
            "delay": 5,
            "expected_codes": "200",
            "http_method": "GET",
            "id": "2836f29a-ef0a-4916-91ce-776ac190a2ee",
            "max_retries": 3,
            "max_retries_down": 3,
            "name": "monitor_http",
            "pool_id": "023772dd-7b0a-4c2e-a146-249a92bffa9b",
            "region": "BR-SP-01",
            "tenant_id": "695912b6be45400b9cbaa63299ef4375",
            "timeout": 5,
            "timeouts": null,
            "type": "HTTP",
            "url_path": "/"
          },
          "sensitive_attributes": [],
          "private": "eyJlMmJmYjczMC1lY2FhLTExZTYtOGY4OC0zNDM2M2JjN2M0YzAiOnsiY3JlYXRlIjo2MDAwMDAwMDAwMDAsImRlbGV0ZSI6NjAwMDAwMDAwMDAwLCJ1cGRhdGUiOjYwMDAwMDAwMDAwMH19",
          "dependencies": [
            "data.openstack_images_image_v2.ubuntu_18",
            "openstack_compute_instance_v2.http",
            "openstack_compute_instance_v2.http2",
            "openstack_compute_keypair_v2.user_key",
            "openstack_compute_secgroup_v2.http",
            "openstack_compute_secgroup_v2.ssh",
            "openstack_lb_listener_v2.http",
            "openstack_lb_loadbalancer_v2.http",
            "openstack_lb_member_v2.http",
            "openstack_lb_member_v2.http2",
            "openstack_lb_pool_v2.http",
            "openstack_networking_network_v2.network_v4",
            "openstack_networking_port_v2.http2_int_v4",
            "openstack_networking_port_v2.http_int_v4",
            "openstack_networking_subnet_v2.subnet_v4"
          ]
        }
      ]
    },
    {
      "mode": "managed",
      "type": "openstack_lb_pool_v2",
      "name": "http",
      "provider": "provider[\"registry.terraform.io/terraform-provider-openstack/openstack\"]",
      "instances": [
        {
          "schema_version": 0,
          "attributes": {
            "admin_state_up": true,
            "description": "",
            "id": "023772dd-7b0a-4c2e-a146-249a92bffa9b",
            "lb_method": "SOURCE_IP",
            "listener_id": "9b7f7921-2b09-4cb1-9cc8-c477a2013716",
            "loadbalancer_id": null,
            "name": "pool_http",
            "persistence": [
              {
                "cookie_name": "",
                "type": ""
              }
            ],
            "protocol": "HTTP",
            "region": "BR-SP-01",
            "tenant_id": "695912b6be45400b9cbaa63299ef4375",
            "timeouts": null
          },
          "sensitive_attributes": [],
          "private": "eyJlMmJmYjczMC1lY2FhLTExZTYtOGY4OC0zNDM2M2JjN2M0YzAiOnsiY3JlYXRlIjo2MDAwMDAwMDAwMDAsImRlbGV0ZSI6NjAwMDAwMDAwMDAwLCJ1cGRhdGUiOjYwMDAwMDAwMDAwMH19",
          "dependencies": [
            "data.openstack_images_image_v2.ubuntu_18",
            "openstack_compute_instance_v2.http",
            "openstack_compute_keypair_v2.user_key",
            "openstack_compute_secgroup_v2.http",
            "openstack_compute_secgroup_v2.ssh",
            "openstack_lb_listener_v2.http",
            "openstack_lb_loadbalancer_v2.http",
            "openstack_networking_network_v2.network_v4",
            "openstack_networking_port_v2.http_int_v4",
            "openstack_networking_subnet_v2.subnet_v4"
          ]
        }
      ]
    },
    {
      "mode": "managed",
      "type": "openstack_networking_floatingip_associate_v2",
      "name": "http",
      "provider": "provider[\"registry.terraform.io/terraform-provider-openstack/openstack\"]",
      "instances": [
        {
          "schema_version": 0,
          "attributes": {
            "fixed_ip": "192.168.1.251",
            "floating_ip": "45.225.26.130",
            "id": "336c378a-b492-423c-897f-3b3e6d462a1d",
            "port_id": "8bd19b37-8e07-4c25-9c16-ddf101f8ed3e",
            "region": "BR-SP-01"
          },
          "sensitive_attributes": [],
          "private": "bnVsbA==",
          "dependencies": [
            "data.openstack_images_image_v2.ubuntu_18",
            "openstack_compute_instance_v2.http",
            "openstack_compute_keypair_v2.user_key",
            "openstack_compute_secgroup_v2.http",
            "openstack_compute_secgroup_v2.ssh",
            "openstack_lb_loadbalancer_v2.http",
            "openstack_networking_floatingip_v2.http",
            "openstack_networking_network_v2.network_v4",
            "openstack_networking_port_v2.http_int_v4",
            "openstack_networking_subnet_v2.subnet_v4"
          ]
        }
      ]
    },
    {
      "mode": "managed",
      "type": "openstack_networking_floatingip_v2",
      "name": "http",
      "provider": "provider[\"registry.terraform.io/terraform-provider-openstack/openstack\"]",
      "instances": [
        {
          "schema_version": 0,
          "attributes": {
            "address": "45.225.26.130",
            "all_tags": [],
            "description": "",
            "dns_domain": "",
            "dns_name": "",
            "fixed_ip": "",
            "id": "336c378a-b492-423c-897f-3b3e6d462a1d",
            "pool": "PUBLIC-IPv4",
            "port_id": "",
            "region": "BR-SP-01",
            "subnet_id": null,
            "tags": null,
            "tenant_id": "695912b6be45400b9cbaa63299ef4375",
            "timeouts": null,
            "value_specs": null
          },
          "sensitive_attributes": [],
          "private": "eyJlMmJmYjczMC1lY2FhLTExZTYtOGY4OC0zNDM2M2JjN2M0YzAiOnsiY3JlYXRlIjo2MDAwMDAwMDAwMDAsImRlbGV0ZSI6NjAwMDAwMDAwMDAwfX0="
        }
      ]
    },
    {
      "mode": "managed",
      "type": "openstack_networking_network_v2",
      "name": "network_v4",
      "provider": "provider[\"registry.terraform.io/terraform-provider-openstack/openstack\"]",
      "instances": [
        {
          "schema_version": 0,
          "attributes": {
            "admin_state_up": true,
            "all_tags": [],
            "availability_zone_hints": [],
            "description": "",
            "dns_domain": "",
            "external": false,
            "id": "8ca6514c-aa71-4181-9d8e-256b7cb98dd3",
            "mtu": 1500,
            "name": "network-v4",
            "port_security_enabled": true,
            "qos_policy_id": "",
            "region": "BR-SP-01",
            "segments": [],
            "shared": false,
            "tags": null,
            "tenant_id": "695912b6be45400b9cbaa63299ef4375",
            "timeouts": null,
            "transparent_vlan": false,
            "value_specs": null
          },
          "sensitive_attributes": [],
          "private": "eyJlMmJmYjczMC1lY2FhLTExZTYtOGY4OC0zNDM2M2JjN2M0YzAiOnsiY3JlYXRlIjo2MDAwMDAwMDAwMDAsImRlbGV0ZSI6NjAwMDAwMDAwMDAwfX0="
        }
      ]
    },
    {
      "mode": "managed",
      "type": "openstack_networking_port_v2",
      "name": "http2_int_v4",
      "provider": "provider[\"registry.terraform.io/terraform-provider-openstack/openstack\"]",
      "instances": [
        {
          "schema_version": 0,
          "attributes": {
            "admin_state_up": true,
            "all_fixed_ips": [
              "192.168.1.173"
            ],
            "all_security_group_ids": [
              "ac62c663-01fc-4508-a928-06be4fc4a889",
              "d793a3a5-01d0-47d7-bb64-a7e37bf2bb46"
            ],
            "all_tags": [],
            "allowed_address_pairs": [],
            "binding": [
              {
                "host_id": "",
                "profile": "{}",
                "vif_details": {},
                "vif_type": "unbound",
                "vnic_type": "normal"
              }
            ],
            "description": "",
            "device_id": "",
            "device_owner": "",
            "dns_assignment": [
              {
                "fqdn": "host-192-168-1-173.vm.wse.zone.",
                "hostname": "host-192-168-1-173",
                "ip_address": "192.168.1.173"
              }
            ],
            "dns_name": "",
            "extra_dhcp_option": [],
            "fixed_ip": [
              {
                "ip_address": "",
                "subnet_id": "4464d679-2e59-4994-b847-ea0cdbc5448c"
              }
            ],
            "id": "7605b0dd-6ce9-4576-be33-84c8f2485e58",
            "mac_address": "fa:16:3e:3e:45:73",
            "name": "port-instance-http2",
            "network_id": "8ca6514c-aa71-4181-9d8e-256b7cb98dd3",
            "no_fixed_ip": null,
            "no_security_groups": null,
            "port_security_enabled": true,
            "qos_policy_id": "",
            "region": "BR-SP-01",
            "security_group_ids": [
              "ac62c663-01fc-4508-a928-06be4fc4a889",
              "d793a3a5-01d0-47d7-bb64-a7e37bf2bb46"
            ],
            "tags": null,
            "tenant_id": "695912b6be45400b9cbaa63299ef4375",
            "timeouts": null,
            "value_specs": null
          },
          "sensitive_attributes": [],
          "private": "eyJlMmJmYjczMC1lY2FhLTExZTYtOGY4OC0zNDM2M2JjN2M0YzAiOnsiY3JlYXRlIjo2MDAwMDAwMDAwMDAsImRlbGV0ZSI6NjAwMDAwMDAwMDAwfX0=",
          "dependencies": [
            "openstack_compute_secgroup_v2.http",
            "openstack_compute_secgroup_v2.ssh",
            "openstack_networking_network_v2.network_v4",
            "openstack_networking_subnet_v2.subnet_v4"
          ]
        }
      ]
    },
    {
      "mode": "managed",
      "type": "openstack_networking_port_v2",
      "name": "http_int_v4",
      "provider": "provider[\"registry.terraform.io/terraform-provider-openstack/openstack\"]",
      "instances": [
        {
          "schema_version": 0,
          "attributes": {
            "admin_state_up": true,
            "all_fixed_ips": [
              "192.168.1.72"
            ],
            "all_security_group_ids": [
              "ac62c663-01fc-4508-a928-06be4fc4a889",
              "d793a3a5-01d0-47d7-bb64-a7e37bf2bb46"
            ],
            "all_tags": [],
            "allowed_address_pairs": [],
            "binding": [
              {
                "host_id": "",
                "profile": "{}",
                "vif_details": {},
                "vif_type": "unbound",
                "vnic_type": "normal"
              }
            ],
            "description": "",
            "device_id": "",
            "device_owner": "",
            "dns_assignment": [
              {
                "fqdn": "host-192-168-1-72.vm.wse.zone.",
                "hostname": "host-192-168-1-72",
                "ip_address": "192.168.1.72"
              }
            ],
            "dns_name": "",
            "extra_dhcp_option": [],
            "fixed_ip": [
              {
                "ip_address": "",
                "subnet_id": "4464d679-2e59-4994-b847-ea0cdbc5448c"
              }
            ],
            "id": "9628a167-4caa-47bd-93c1-08347306b0d5",
            "mac_address": "fa:16:3e:a6:17:de",
            "name": "port-instance-http",
            "network_id": "8ca6514c-aa71-4181-9d8e-256b7cb98dd3",
            "no_fixed_ip": null,
            "no_security_groups": null,
            "port_security_enabled": true,
            "qos_policy_id": "",
            "region": "BR-SP-01",
            "security_group_ids": [
              "ac62c663-01fc-4508-a928-06be4fc4a889",
              "d793a3a5-01d0-47d7-bb64-a7e37bf2bb46"
            ],
            "tags": null,
            "tenant_id": "695912b6be45400b9cbaa63299ef4375",
            "timeouts": null,
            "value_specs": null
          },
          "sensitive_attributes": [],
          "private": "eyJlMmJmYjczMC1lY2FhLTExZTYtOGY4OC0zNDM2M2JjN2M0YzAiOnsiY3JlYXRlIjo2MDAwMDAwMDAwMDAsImRlbGV0ZSI6NjAwMDAwMDAwMDAwfX0=",
          "dependencies": [
            "openstack_compute_secgroup_v2.http",
            "openstack_compute_secgroup_v2.ssh",
            "openstack_networking_network_v2.network_v4",
            "openstack_networking_subnet_v2.subnet_v4"
          ]
        }
      ]
    },
    {
      "mode": "managed",
      "type": "openstack_networking_router_interface_v2",
      "name": "int_router_v4",
      "provider": "provider[\"registry.terraform.io/terraform-provider-openstack/openstack\"]",
      "instances": [
        {
          "schema_version": 0,
          "attributes": {
            "id": "05ca352f-a796-421c-968e-fdf9660019fd",
            "port_id": "05ca352f-a796-421c-968e-fdf9660019fd",
            "region": "BR-SP-01",
            "router_id": "4391801f-467a-4fcd-a57b-ee389070405e",
            "subnet_id": "4464d679-2e59-4994-b847-ea0cdbc5448c",
            "timeouts": null
          },
          "sensitive_attributes": [],
          "private": "eyJlMmJmYjczMC1lY2FhLTExZTYtOGY4OC0zNDM2M2JjN2M0YzAiOnsiY3JlYXRlIjo2MDAwMDAwMDAwMDAsImRlbGV0ZSI6NjAwMDAwMDAwMDAwfX0=",
          "dependencies": [
            "openstack_networking_network_v2.network_v4",
            "openstack_networking_router_v2.router_v4",
            "openstack_networking_subnet_v2.subnet_v4"
          ]
        }
      ]
    },
    {
      "mode": "managed",
      "type": "openstack_networking_router_v2",
      "name": "router_v4",
      "provider": "provider[\"registry.terraform.io/terraform-provider-openstack/openstack\"]",
      "instances": [
        {
          "schema_version": 0,
          "attributes": {
            "admin_state_up": true,
            "all_tags": [],
            "availability_zone_hints": [],
            "description": "",
            "distributed": false,
            "enable_snat": true,
            "external_fixed_ip": [
              {
                "ip_address": "45.225.26.159",
                "subnet_id": "15a16e19-51cd-426e-9924-275be4b8dde3"
              }
            ],
            "external_gateway": "4d1b36da-94e9-4acc-8d3e-c41f9fb6f11b",
            "external_network_id": "4d1b36da-94e9-4acc-8d3e-c41f9fb6f11b",
            "id": "4391801f-467a-4fcd-a57b-ee389070405e",
            "name": "router-v4",
            "region": "BR-SP-01",
            "tags": null,
            "tenant_id": "695912b6be45400b9cbaa63299ef4375",
            "timeouts": null,
            "value_specs": null,
            "vendor_options": []
          },
          "sensitive_attributes": [],
          "private": "eyJlMmJmYjczMC1lY2FhLTExZTYtOGY4OC0zNDM2M2JjN2M0YzAiOnsiY3JlYXRlIjo2MDAwMDAwMDAwMDAsImRlbGV0ZSI6NjAwMDAwMDAwMDAwfX0="
        }
      ]
    },
    {
      "mode": "managed",
      "type": "openstack_networking_subnet_v2",
      "name": "subnet_v4",
      "provider": "provider[\"registry.terraform.io/terraform-provider-openstack/openstack\"]",
      "instances": [
        {
          "schema_version": 0,
          "attributes": {
            "all_tags": [],
            "allocation_pool": [
              {
                "end": "192.168.1.254",
                "start": "192.168.1.2"
              }
            ],
            "allocation_pools": [
              {
                "end": "192.168.1.254",
                "start": "192.168.1.2"
              }
            ],
            "cidr": "192.168.1.0/24",
            "description": "",
            "dns_nameservers": [
              "8.8.8.8",
              "8.8.4.4"
            ],
            "enable_dhcp": true,
            "gateway_ip": "192.168.1.1",
            "host_routes": [],
            "id": "4464d679-2e59-4994-b847-ea0cdbc5448c",
            "ip_version": 4,
            "ipv6_address_mode": "",
            "ipv6_ra_mode": "",
            "name": "subnet-v4",
            "network_id": "8ca6514c-aa71-4181-9d8e-256b7cb98dd3",
            "no_gateway": false,
            "prefix_length": null,
            "region": "BR-SP-01",
            "subnetpool_id": "",
            "tags": null,
            "tenant_id": "695912b6be45400b9cbaa63299ef4375",
            "timeouts": null,
            "value_specs": null
          },
          "sensitive_attributes": [],
          "private": "eyJlMmJmYjczMC1lY2FhLTExZTYtOGY4OC0zNDM2M2JjN2M0YzAiOnsiY3JlYXRlIjo2MDAwMDAwMDAwMDAsImRlbGV0ZSI6NjAwMDAwMDAwMDAwfX0=",
          "dependencies": [
            "openstack_networking_network_v2.network_v4"
          ]
        }
      ]
    }
  ]
}
