{
  "version": 4,
  "terraform_version": "1.0.5",
  "serial": 22,
  "lineage": "0043c15c-9ff0-4e14-d5c0-aa9df6a49390",
  "outputs": {},
  "resources": [
    {
      "mode": "data",
      "type": "openstack_images_image_v2",
      "name": "centos_current",
      "provider": "provider[\"registry.terraform.io/terraform-provider-openstack/openstack\"]",
      "instances": [
        {
          "schema_version": 0,
          "attributes": {
            "checksum": "f97f58f4aeb9ad43039d104aea24c88a",
            "container_format": "bare",
            "created_at": "2020-12-08T14:10:55Z",
            "disk_format": "raw",
            "file": "/v2/images/4b17fe1c-333d-49c0-8b82-6d5a9239979b/file",
            "id": "4b17fe1c-333d-49c0-8b82-6d5a9239979b",
            "member_status": null,
            "metadata": {},
            "min_disk_gb": 0,
            "min_ram_mb": 0,
            "most_recent": true,
            "name": "BC-Ubuntu-20.04",
            "owner": "bc456e64a3ff46f79aca6dac9016f07b",
            "properties": null,
            "protected": false,
            "region": null,
            "schema": "/v2/schemas/image",
            "size_bytes": 2361393152,
            "size_max": null,
            "size_min": null,
            "sort_direction": "asc",
            "sort_key": "name",
            "tag": null,
            "tags": [],
            "updated_at": "2020-12-11T16:47:58Z",
            "visibility": "public"
          },
          "sensitive_attributes": []
        }
      ]
    },
    {
      "mode": "managed",
      "type": "openstack_blockstorage_volume_v2",
      "name": "db",
      "provider": "provider[\"registry.terraform.io/terraform-provider-openstack/openstack\"]",
      "instances": [
        {
          "schema_version": 0,
          "attributes": {
            "attachment": [],
            "availability_zone": "sp-01-a",
            "consistency_group_id": null,
            "description": "",
            "id": "e8377873-ed4c-4ba1-a044-7d94fdc02efc",
            "image_id": null,
            "metadata": {},
            "name": "volume-db",
            "region": "BR-SP-01",
            "scheduler_hints": [],
            "size": 30,
            "snapshot_id": "",
            "source_replica": null,
            "source_vol_id": "",
            "timeouts": null,
            "volume_type": "Platinum"
          },
          "sensitive_attributes": [],
          "private": "eyJlMmJmYjczMC1lY2FhLTExZTYtOGY4OC0zNDM2M2JjN2M0YzAiOnsiY3JlYXRlIjo2MDAwMDAwMDAwMDAsImRlbGV0ZSI6NjAwMDAwMDAwMDAwfX0="
        }
      ]
    },
    {
      "mode": "managed",
      "type": "openstack_compute_floatingip_associate_v2",
      "name": "db",
      "provider": "provider[\"registry.terraform.io/terraform-provider-openstack/openstack\"]",
      "instances": [
        {
          "schema_version": 0,
          "attributes": {
            "fixed_ip": "",
            "floating_ip": "45.225.27.81",
            "id": "45.225.27.81/71d8cf1c-3835-45f8-af0f-cb95e6021777/",
            "instance_id": "71d8cf1c-3835-45f8-af0f-cb95e6021777",
            "region": "BR-SP-01",
            "timeouts": null,
            "wait_until_associated": null
          },
          "sensitive_attributes": [],
          "private": "eyJlMmJmYjczMC1lY2FhLTExZTYtOGY4OC0zNDM2M2JjN2M0YzAiOnsiY3JlYXRlIjo2MDAwMDAwMDAwMDB9fQ==",
          "dependencies": [
            "openstack_compute_instance_v2.db",
            "openstack_compute_keypair_v2.user_key",
            "openstack_networking_floatingip_v2.db",
            "openstack_networking_port_v2.db"
          ]
        }
      ]
    },
    {
      "mode": "managed",
      "type": "openstack_compute_floatingip_associate_v2",
      "name": "http",
      "provider": "provider[\"registry.terraform.io/terraform-provider-openstack/openstack\"]",
      "instances": [
        {
          "schema_version": 0,
          "attributes": {
            "fixed_ip": "",
            "floating_ip": "45.225.27.173",
            "id": "45.225.27.173/825f0a86-fb49-4698-aeb6-5e4f1f2b0cf7/",
            "instance_id": "825f0a86-fb49-4698-aeb6-5e4f1f2b0cf7",
            "region": "BR-SP-01",
            "timeouts": null,
            "wait_until_associated": null
          },
          "sensitive_attributes": [],
          "private": "eyJlMmJmYjczMC1lY2FhLTExZTYtOGY4OC0zNDM2M2JjN2M0YzAiOnsiY3JlYXRlIjo2MDAwMDAwMDAwMDB9fQ==",
          "dependencies": [
            "data.openstack_images_image_v2.centos_current",
            "openstack_compute_instance_v2.http",
            "openstack_compute_keypair_v2.user_key",
            "openstack_networking_floatingip_v2.http",
            "openstack_networking_port_v2.http"
          ]
        }
      ]
    },
    {
      "mode": "managed",
      "type": "openstack_compute_instance_v2",
      "name": "db",
      "provider": "provider[\"registry.terraform.io/terraform-provider-openstack/openstack\"]",
      "instances": [
        {
          "schema_version": 0,
          "attributes": {
            "access_ip_v4": "192.168.1.29",
            "access_ip_v6": "",
            "admin_pass": null,
            "all_metadata": {},
            "all_tags": [],
            "availability_zone": "sp-01-a",
            "availability_zone_hints": null,
            "block_device": [],
            "config_drive": null,
            "flavor_id": "bc1-b-2-4",
            "flavor_name": "bc1-basic-2-4",
            "floating_ip": null,
            "force_delete": false,
            "id": "71d8cf1c-3835-45f8-af0f-cb95e6021777",
            "image_id": "4b17fe1c-333d-49c0-8b82-6d5a9239979b",
            "image_name": "BC-Ubuntu-20.04",
            "key_pair": "user-key",
            "metadata": null,
            "name": "front01",
            "network": [
              {
                "access_network": false,
                "fixed_ip_v4": "192.168.1.29",
                "fixed_ip_v6": "",
                "floating_ip": "",
                "mac": "fa:16:3e:74:31:e8",
                "name": "network-generic",
                "port": "3fee5623-87a8-4973-aea0-29df66f2948c",
                "uuid": "19fad9f5-f0e3-47ae-9c10-bff0d081c89a"
              }
            ],
            "network_mode": null,
            "personality": [],
            "power_state": "active",
            "region": "BR-SP-01",
            "scheduler_hints": [],
            "security_groups": [
              "db",
              "ssh"
            ],
            "stop_before_destroy": false,
            "tags": null,
            "timeouts": null,
            "user_data": "62a1e17a8ab950e59e56563ebf327d9a14520575",
            "vendor_options": [],
            "volume": []
          },
          "sensitive_attributes": [],
          "private": "eyJlMmJmYjczMC1lY2FhLTExZTYtOGY4OC0zNDM2M2JjN2M0YzAiOnsiY3JlYXRlIjoxODAwMDAwMDAwMDAwLCJkZWxldGUiOjE4MDAwMDAwMDAwMDAsInVwZGF0ZSI6MTgwMDAwMDAwMDAwMH19",
          "dependencies": [
            "openstack_compute_keypair_v2.user_key",
            "openstack_networking_port_v2.db"
          ]
        }
      ]
    },
    {
      "mode": "managed",
      "type": "openstack_compute_instance_v2",
      "name": "http",
      "provider": "provider[\"registry.terraform.io/terraform-provider-openstack/openstack\"]",
      "instances": [
        {
          "schema_version": 0,
          "attributes": {
            "access_ip_v4": "192.168.1.250",
            "access_ip_v6": "",
            "admin_pass": null,
            "all_metadata": {},
            "all_tags": [],
            "availability_zone": "sp-01-a",
            "availability_zone_hints": null,
            "block_device": [
              {
                "boot_index": 0,
                "delete_on_termination": true,
                "destination_type": "volume",
                "device_type": "",
                "disk_bus": "",
                "guest_format": "",
                "source_type": "image",
                "uuid": "4b17fe1c-333d-49c0-8b82-6d5a9239979b",
                "volume_size": 30,
                "volume_type": ""
              }
            ],
            "config_drive": null,
            "flavor_id": "bc1-b-1-2",
            "flavor_name": "bc1-basic-1-2",
            "floating_ip": null,
            "force_delete": false,
            "id": "825f0a86-fb49-4698-aeb6-5e4f1f2b0cf7",
            "image_id": "Attempt to boot from volume - no image supplied",
            "image_name": "BC-Ubuntu-20.04",
            "key_pair": "user-key",
            "metadata": null,
            "name": "http-instance",
            "network": [
              {
                "access_network": false,
                "fixed_ip_v4": "192.168.1.250",
                "fixed_ip_v6": "",
                "floating_ip": "",
                "mac": "fa:16:3e:1e:07:18",
                "name": "network-generic",
                "port": "dcc6f53d-f026-4549-8ef0-0139a41e8da2",
                "uuid": "19fad9f5-f0e3-47ae-9c10-bff0d081c89a"
              }
            ],
            "network_mode": null,
            "personality": [],
            "power_state": "active",
            "region": "BR-SP-01",
            "scheduler_hints": [],
            "security_groups": [
              "http",
              "ssh"
            ],
            "stop_before_destroy": false,
            "tags": null,
            "timeouts": null,
            "user_data": "62a1e17a8ab950e59e56563ebf327d9a14520575",
            "vendor_options": [],
            "volume": []
          },
          "sensitive_attributes": [],
          "private": "eyJlMmJmYjczMC1lY2FhLTExZTYtOGY4OC0zNDM2M2JjN2M0YzAiOnsiY3JlYXRlIjoxODAwMDAwMDAwMDAwLCJkZWxldGUiOjE4MDAwMDAwMDAwMDAsInVwZGF0ZSI6MTgwMDAwMDAwMDAwMH19",
          "dependencies": [
            "data.openstack_images_image_v2.centos_current",
            "openstack_compute_keypair_v2.user_key",
            "openstack_networking_port_v2.http"
          ]
        }
      ]
    },
    {
      "mode": "managed",
      "type": "openstack_compute_keypair_v2",
      "name": "user_key",
      "provider": "provider[\"registry.terraform.io/terraform-provider-openstack/openstack\"]",
      "instances": [
        {
          "schema_version": 0,
          "attributes": {
            "fingerprint": "2a:96:ba:25:15:3a:d8:b3:79:64:1d:de:46:f9:cc:ba",
            "id": "user-key",
            "name": "user-key",
            "private_key": "",
            "public_key": "ssh-rsa AAAAB3NzaC1yc2EAAAADAQABAAABAQDBbVAYTW8J3OUiS32ZPi7aGyRkd51pesaemkJCXSpML2i20LZpZudmTYaNhQzzEpB1lu9Y33Cfko8uHJhIT7ZdFysJpx3ycDvu+9ICYNbyv5enX8CN8wvAlA1w3hd9Xcv7g8tyD5I3Qrt+TxfHfyGV9XFkEQaNmk/KOh2nha2avMgNMUZXD+Sjf6j0m91NbziVPWCzSnFKwEmW8qWt+MCQRMJ18KNKmacFgCjE0lHtpsBlCc8fnRrW0JaK7CQJnQ5buWzjEOHLUUdIa/TysAf9tjtlCNrnLDP1WJRBh+8aGw6+wqjKncVoi5ZuLTC5aiak2VbTG6/ROifM27tKDsFL Generated-by-Nova",
            "region": "BR-SP-01",
            "value_specs": null
          },
          "sensitive_attributes": [],
          "private": "bnVsbA=="
        }
      ]
    },
    {
      "mode": "managed",
      "type": "openstack_compute_secgroup_v2",
      "name": "db",
      "provider": "provider[\"registry.terraform.io/terraform-provider-openstack/openstack\"]",
      "instances": [
        {
          "schema_version": 0,
          "attributes": {
            "description": "Open input db port",
            "id": "b3ca68a3-c73e-48d8-942d-a7580e9aeeed",
            "name": "db",
            "region": "BR-SP-01",
            "rule": [
              {
                "cidr": "0.0.0.0/0",
                "from_group_id": "",
                "from_port": 3306,
                "id": "ebd10279-73a6-4510-aa53-ec044b94f70f",
                "ip_protocol": "tcp",
                "self": false,
                "to_port": 3306
              }
            ],
            "timeouts": null
          },
          "sensitive_attributes": [],
          "private": "eyJlMmJmYjczMC1lY2FhLTExZTYtOGY4OC0zNDM2M2JjN2M0YzAiOnsiZGVsZXRlIjo2MDAwMDAwMDAwMDB9fQ=="
        }
      ]
    },
    {
      "mode": "managed",
      "type": "openstack_compute_secgroup_v2",
      "name": "http",
      "provider": "provider[\"registry.terraform.io/terraform-provider-openstack/openstack\"]",
      "instances": [
        {
          "schema_version": 0,
          "attributes": {
            "description": "Open input http port",
            "id": "cb19a736-31f4-463c-90cd-18f10dea413c",
            "name": "http",
            "region": "BR-SP-01",
            "rule": [
              {
                "cidr": "0.0.0.0/0",
                "from_group_id": "",
                "from_port": 80,
                "id": "585a4e1c-40e2-43d7-9e34-3c3e6daf29f9",
                "ip_protocol": "tcp",
                "self": false,
                "to_port": 80
              }
            ],
            "timeouts": null
          },
          "sensitive_attributes": [],
          "private": "eyJlMmJmYjczMC1lY2FhLTExZTYtOGY4OC0zNDM2M2JjN2M0YzAiOnsiZGVsZXRlIjo2MDAwMDAwMDAwMDB9fQ=="
        }
      ]
    },
    {
      "mode": "managed",
      "type": "openstack_compute_secgroup_v2",
      "name": "ssh",
      "provider": "provider[\"registry.terraform.io/terraform-provider-openstack/openstack\"]",
      "instances": [
        {
          "schema_version": 0,
          "attributes": {
            "description": "Open input ssh port",
            "id": "cbfb5900-6e1b-4232-a453-c5c5c1e8a885",
            "name": "ssh",
            "region": "BR-SP-01",
            "rule": [
              {
                "cidr": "0.0.0.0/0",
                "from_group_id": "",
                "from_port": 22,
                "id": "8fdb63f5-2c59-4ba9-8e78-6e5455808ec2",
                "ip_protocol": "tcp",
                "self": false,
                "to_port": 22
              }
            ],
            "timeouts": null
          },
          "sensitive_attributes": [],
          "private": "eyJlMmJmYjczMC1lY2FhLTExZTYtOGY4OC0zNDM2M2JjN2M0YzAiOnsiZGVsZXRlIjo2MDAwMDAwMDAwMDB9fQ=="
        }
      ]
    },
    {
      "mode": "managed",
      "type": "openstack_compute_volume_attach_v2",
      "name": "db",
      "provider": "provider[\"registry.terraform.io/terraform-provider-openstack/openstack\"]",
      "instances": [
        {
          "schema_version": 0,
          "attributes": {
            "device": "/dev/sdb",
            "id": "71d8cf1c-3835-45f8-af0f-cb95e6021777/e8377873-ed4c-4ba1-a044-7d94fdc02efc",
            "instance_id": "71d8cf1c-3835-45f8-af0f-cb95e6021777",
            "multiattach": null,
            "region": "BR-SP-01",
            "timeouts": null,
            "vendor_options": [],
            "volume_id": "e8377873-ed4c-4ba1-a044-7d94fdc02efc"
          },
          "sensitive_attributes": [],
          "private": "eyJlMmJmYjczMC1lY2FhLTExZTYtOGY4OC0zNDM2M2JjN2M0YzAiOnsiY3JlYXRlIjo2MDAwMDAwMDAwMDAsImRlbGV0ZSI6NjAwMDAwMDAwMDAwfX0=",
          "dependencies": [
            "openstack_blockstorage_volume_v2.db",
            "openstack_compute_instance_v2.db",
            "openstack_compute_keypair_v2.user_key",
            "openstack_networking_port_v2.db"
          ]
        }
      ]
    },
    {
      "mode": "managed",
      "type": "openstack_networking_floatingip_v2",
      "name": "db",
      "provider": "provider[\"registry.terraform.io/terraform-provider-openstack/openstack\"]",
      "instances": [
        {
          "schema_version": 0,
          "attributes": {
            "address": "45.225.27.81",
            "all_tags": [],
            "description": "",
            "dns_domain": "",
            "dns_name": "",
            "fixed_ip": "",
            "id": "7e9cb369-94d5-41eb-a8a9-33fa5c202b28",
            "pool": "PUBLIC-IPv4",
            "port_id": "",
            "region": "BR-SP-01",
            "subnet_id": null,
            "tags": [],
            "tenant_id": "695912b6be45400b9cbaa63299ef4375",
            "timeouts": null,
            "value_specs": null
          },
          "sensitive_attributes": [],
          "private": "eyJlMmJmYjczMC1lY2FhLTExZTYtOGY4OC0zNDM2M2JjN2M0YzAiOnsiY3JlYXRlIjo2MDAwMDAwMDAwMDAsImRlbGV0ZSI6NjAwMDAwMDAwMDAwfX0="
        }
      ]
    },
    {
      "mode": "managed",
      "type": "openstack_networking_floatingip_v2",
      "name": "http",
      "provider": "provider[\"registry.terraform.io/terraform-provider-openstack/openstack\"]",
      "instances": [
        {
          "schema_version": 0,
          "attributes": {
            "address": "45.225.27.173",
            "all_tags": [],
            "description": "",
            "dns_domain": "",
            "dns_name": "",
            "fixed_ip": "",
            "id": "7106ceb6-6ecf-4398-bb66-27cc5900080d",
            "pool": "PUBLIC-IPv4",
            "port_id": "",
            "region": "BR-SP-01",
            "subnet_id": null,
            "tags": [],
            "tenant_id": "695912b6be45400b9cbaa63299ef4375",
            "timeouts": null,
            "value_specs": null
          },
          "sensitive_attributes": [],
          "private": "eyJlMmJmYjczMC1lY2FhLTExZTYtOGY4OC0zNDM2M2JjN2M0YzAiOnsiY3JlYXRlIjo2MDAwMDAwMDAwMDAsImRlbGV0ZSI6NjAwMDAwMDAwMDAwfX0="
        }
      ]
    },
    {
      "mode": "managed",
      "type": "openstack_networking_network_v2",
      "name": "generic",
      "provider": "provider[\"registry.terraform.io/terraform-provider-openstack/openstack\"]",
      "instances": [
        {
          "schema_version": 0,
          "attributes": {
            "admin_state_up": true,
            "all_tags": [],
            "availability_zone_hints": [],
            "description": "",
            "dns_domain": "",
            "external": false,
            "id": "19fad9f5-f0e3-47ae-9c10-bff0d081c89a",
            "mtu": 1500,
            "name": "network-generic",
            "port_security_enabled": true,
            "qos_policy_id": "",
            "region": "BR-SP-01",
            "segments": [],
            "shared": false,
            "tags": [],
            "tenant_id": "695912b6be45400b9cbaa63299ef4375",
            "timeouts": null,
            "transparent_vlan": false,
            "value_specs": null
          },
          "sensitive_attributes": [],
          "private": "eyJlMmJmYjczMC1lY2FhLTExZTYtOGY4OC0zNDM2M2JjN2M0YzAiOnsiY3JlYXRlIjo2MDAwMDAwMDAwMDAsImRlbGV0ZSI6NjAwMDAwMDAwMDAwfX0="
        }
      ]
    },
    {
      "mode": "managed",
      "type": "openstack_networking_port_v2",
      "name": "db",
      "provider": "provider[\"registry.terraform.io/terraform-provider-openstack/openstack\"]",
      "instances": [
        {
          "schema_version": 0,
          "attributes": {
            "admin_state_up": true,
            "all_fixed_ips": [
              "192.168.1.29"
            ],
            "all_security_group_ids": [
              "b3ca68a3-c73e-48d8-942d-a7580e9aeeed",
              "cbfb5900-6e1b-4232-a453-c5c5c1e8a885"
            ],
            "all_tags": [],
            "allowed_address_pairs": [],
            "binding": [
              {
                "host_id": "",
                "profile": "{}",
                "vif_details": {},
                "vif_type": "unbound",
                "vnic_type": "normal"
              }
            ],
            "description": "",
            "device_id": "",
            "device_owner": "",
            "dns_assignment": [
              {
                "fqdn": "host-192-168-1-29.vm.wse.zone.",
                "hostname": "host-192-168-1-29",
                "ip_address": "192.168.1.29"
              }
            ],
            "dns_name": "",
            "extra_dhcp_option": [],
            "fixed_ip": [
              {
                "ip_address": "",
                "subnet_id": "687bf2ea-277b-4e92-af16-30cabdd8d741"
              }
            ],
            "id": "3fee5623-87a8-4973-aea0-29df66f2948c",
            "mac_address": "fa:16:3e:74:31:e8",
            "name": "port-instance-db",
            "network_id": "19fad9f5-f0e3-47ae-9c10-bff0d081c89a",
            "no_fixed_ip": null,
            "no_security_groups": null,
            "port_security_enabled": true,
            "qos_policy_id": "",
            "region": "BR-SP-01",
            "security_group_ids": [
              "b3ca68a3-c73e-48d8-942d-a7580e9aeeed",
              "cbfb5900-6e1b-4232-a453-c5c5c1e8a885"
            ],
            "tags": [],
            "tenant_id": "695912b6be45400b9cbaa63299ef4375",
            "timeouts": null,
            "value_specs": null
          },
          "sensitive_attributes": [],
          "private": "eyJlMmJmYjczMC1lY2FhLTExZTYtOGY4OC0zNDM2M2JjN2M0YzAiOnsiY3JlYXRlIjo2MDAwMDAwMDAwMDAsImRlbGV0ZSI6NjAwMDAwMDAwMDAwfX0=",
          "dependencies": [
            "openstack_compute_secgroup_v2.db",
            "openstack_compute_secgroup_v2.ssh",
            "openstack_networking_network_v2.generic",
            "openstack_networking_subnet_v2.http"
          ]
        }
      ]
    },
    {
      "mode": "managed",
      "type": "openstack_networking_port_v2",
      "name": "http",
      "provider": "provider[\"registry.terraform.io/terraform-provider-openstack/openstack\"]",
      "instances": [
        {
          "schema_version": 0,
          "attributes": {
            "admin_state_up": true,
            "all_fixed_ips": [
              "192.168.1.250"
            ],
            "all_security_group_ids": [
              "cb19a736-31f4-463c-90cd-18f10dea413c",
              "cbfb5900-6e1b-4232-a453-c5c5c1e8a885"
            ],
            "all_tags": [],
            "allowed_address_pairs": [],
            "binding": [
              {
                "host_id": "",
                "profile": "{}",
                "vif_details": {},
                "vif_type": "unbound",
                "vnic_type": "normal"
              }
            ],
            "description": "",
            "device_id": "",
            "device_owner": "",
            "dns_assignment": [
              {
                "fqdn": "host-192-168-1-250.vm.wse.zone.",
                "hostname": "host-192-168-1-250",
                "ip_address": "192.168.1.250"
              }
            ],
            "dns_name": "",
            "extra_dhcp_option": [],
            "fixed_ip": [
              {
                "ip_address": "",
                "subnet_id": "687bf2ea-277b-4e92-af16-30cabdd8d741"
              }
            ],
            "id": "dcc6f53d-f026-4549-8ef0-0139a41e8da2",
            "mac_address": "fa:16:3e:1e:07:18",
            "name": "port-instance-http",
            "network_id": "19fad9f5-f0e3-47ae-9c10-bff0d081c89a",
            "no_fixed_ip": null,
            "no_security_groups": null,
            "port_security_enabled": true,
            "qos_policy_id": "",
            "region": "BR-SP-01",
            "security_group_ids": [
              "cb19a736-31f4-463c-90cd-18f10dea413c",
              "cbfb5900-6e1b-4232-a453-c5c5c1e8a885"
            ],
            "tags": [],
            "tenant_id": "695912b6be45400b9cbaa63299ef4375",
            "timeouts": null,
            "value_specs": null
          },
          "sensitive_attributes": [],
          "private": "eyJlMmJmYjczMC1lY2FhLTExZTYtOGY4OC0zNDM2M2JjN2M0YzAiOnsiY3JlYXRlIjo2MDAwMDAwMDAwMDAsImRlbGV0ZSI6NjAwMDAwMDAwMDAwfX0=",
          "dependencies": [
            "openstack_compute_secgroup_v2.http",
            "openstack_compute_secgroup_v2.ssh",
            "openstack_networking_network_v2.generic",
            "openstack_networking_subnet_v2.http"
          ]
        }
      ]
    },
    {
      "mode": "managed",
      "type": "openstack_networking_router_interface_v2",
      "name": "http",
      "provider": "provider[\"registry.terraform.io/terraform-provider-openstack/openstack\"]",
      "instances": [
        {
          "schema_version": 0,
          "attributes": {
            "id": "cb568db0-820c-4295-968b-f25a692ea5f3",
            "port_id": "cb568db0-820c-4295-968b-f25a692ea5f3",
            "region": "BR-SP-01",
            "router_id": "17621c44-ef8f-4fd2-83a4-f7833b649780",
            "subnet_id": "687bf2ea-277b-4e92-af16-30cabdd8d741",
            "timeouts": null
          },
          "sensitive_attributes": [],
          "private": "eyJlMmJmYjczMC1lY2FhLTExZTYtOGY4OC0zNDM2M2JjN2M0YzAiOnsiY3JlYXRlIjo2MDAwMDAwMDAwMDAsImRlbGV0ZSI6NjAwMDAwMDAwMDAwfX0=",
          "dependencies": [
            "openstack_networking_router_v2.generic",
            "openstack_networking_subnet_v2.http",
            "openstack_networking_network_v2.generic"
          ]
        }
      ]
    },
    {
      "mode": "managed",
      "type": "openstack_networking_router_v2",
      "name": "generic",
      "provider": "provider[\"registry.terraform.io/terraform-provider-openstack/openstack\"]",
      "instances": [
        {
          "schema_version": 0,
          "attributes": {
            "admin_state_up": true,
            "all_tags": [],
            "availability_zone_hints": [],
            "description": "",
            "distributed": false,
            "enable_snat": true,
            "external_fixed_ip": [
              {
                "ip_address": "45.225.27.201",
                "subnet_id": "21b64a6d-85c3-4d9f-bfbb-91b673ece5ed"
              }
            ],
            "external_gateway": "4d1b36da-94e9-4acc-8d3e-c41f9fb6f11b",
            "external_network_id": "4d1b36da-94e9-4acc-8d3e-c41f9fb6f11b",
            "id": "17621c44-ef8f-4fd2-83a4-f7833b649780",
            "name": "router",
            "region": "BR-SP-01",
            "tags": [],
            "tenant_id": "695912b6be45400b9cbaa63299ef4375",
            "timeouts": null,
            "value_specs": null,
            "vendor_options": []
          },
          "sensitive_attributes": [],
          "private": "eyJlMmJmYjczMC1lY2FhLTExZTYtOGY4OC0zNDM2M2JjN2M0YzAiOnsiY3JlYXRlIjo2MDAwMDAwMDAwMDAsImRlbGV0ZSI6NjAwMDAwMDAwMDAwfX0="
        }
      ]
    },
    {
      "mode": "managed",
      "type": "openstack_networking_subnet_v2",
      "name": "http",
      "provider": "provider[\"registry.terraform.io/terraform-provider-openstack/openstack\"]",
      "instances": [
        {
          "schema_version": 0,
          "attributes": {
            "all_tags": [],
            "allocation_pool": [
              {
                "end": "192.168.1.254",
                "start": "192.168.1.2"
              }
            ],
            "allocation_pools": [
              {
                "end": "192.168.1.254",
                "start": "192.168.1.2"
              }
            ],
            "cidr": "192.168.1.0/24",
            "description": "",
            "dns_nameservers": [
              "8.8.8.8",
              "8.8.4.4"
            ],
            "enable_dhcp": true,
            "gateway_ip": "192.168.1.1",
            "host_routes": [],
            "id": "687bf2ea-277b-4e92-af16-30cabdd8d741",
            "ip_version": 4,
            "ipv6_address_mode": "",
            "ipv6_ra_mode": "",
            "name": "subnet-http",
            "network_id": "19fad9f5-f0e3-47ae-9c10-bff0d081c89a",
            "no_gateway": false,
            "prefix_length": null,
            "region": "BR-SP-01",
            "subnetpool_id": "",
            "tags": [],
            "tenant_id": "695912b6be45400b9cbaa63299ef4375",
            "timeouts": null,
            "value_specs": null
          },
          "sensitive_attributes": [],
          "private": "eyJlMmJmYjczMC1lY2FhLTExZTYtOGY4OC0zNDM2M2JjN2M0YzAiOnsiY3JlYXRlIjo2MDAwMDAwMDAwMDAsImRlbGV0ZSI6NjAwMDAwMDAwMDAwfX0=",
          "dependencies": [
            "openstack_networking_network_v2.generic"
          ]
        }
      ]
    }
  ]
}
