{
  "version": 4,
  "terraform_version": "1.0.5",
  "serial": 553,
  "lineage": "0043c15c-9ff0-4e14-d5c0-aa9df6a49390",
  "outputs": {},
  "resources": [
    {
      "mode": "data",
      "type": "openstack_images_image_v2",
      "name": "ubuntu_current",
      "provider": "provider[\"registry.terraform.io/terraform-provider-openstack/openstack\"]",
      "instances": [
        {
          "schema_version": 0,
          "attributes": {
            "checksum": "f97f58f4aeb9ad43039d104aea24c88a",
            "container_format": "bare",
            "created_at": "2020-12-08T14:10:55Z",
            "disk_format": "raw",
            "file": "/v2/images/4b17fe1c-333d-49c0-8b82-6d5a9239979b/file",
            "id": "4b17fe1c-333d-49c0-8b82-6d5a9239979b",
            "member_status": null,
            "metadata": {},
            "min_disk_gb": 0,
            "min_ram_mb": 0,
            "most_recent": true,
            "name": "BC-Ubuntu-20.04",
            "owner": "bc456e64a3ff46f79aca6dac9016f07b",
            "properties": null,
            "protected": false,
            "region": null,
            "schema": "/v2/schemas/image",
            "size_bytes": 2361393152,
            "size_max": null,
            "size_min": null,
            "sort_direction": "asc",
            "sort_key": "name",
            "tag": null,
            "tags": [],
            "updated_at": "2020-12-11T16:47:58Z",
            "visibility": "public"
          },
          "sensitive_attributes": []
        }
      ]
    },
    {
      "mode": "managed",
      "type": "openstack_blockstorage_volume_v2",
      "name": "db",
      "provider": "provider[\"registry.terraform.io/terraform-provider-openstack/openstack\"]",
      "instances": [
        {
          "schema_version": 0,
          "attributes": {
            "attachment": [],
            "availability_zone": "sp-01-a",
            "consistency_group_id": null,
            "description": "",
            "id": "4be5e28b-91cf-4dfd-8725-bc45aa4dd46b",
            "image_id": null,
            "metadata": {},
            "name": "volume-db",
            "region": "BR-SP-01",
            "scheduler_hints": [],
            "size": 30,
            "snapshot_id": "",
            "source_replica": null,
            "source_vol_id": "",
            "timeouts": null,
            "volume_type": "Platinum"
          },
          "sensitive_attributes": [],
          "private": "eyJlMmJmYjczMC1lY2FhLTExZTYtOGY4OC0zNDM2M2JjN2M0YzAiOnsiY3JlYXRlIjo2MDAwMDAwMDAwMDAsImRlbGV0ZSI6NjAwMDAwMDAwMDAwfX0="
        }
      ]
    },
    {
      "mode": "managed",
      "type": "openstack_compute_instance_v2",
      "name": "db",
      "provider": "provider[\"registry.terraform.io/terraform-provider-openstack/openstack\"]",
      "instances": [
        {
          "schema_version": 0,
          "attributes": {
            "access_ip_v4": "192.168.1.7",
            "access_ip_v6": "[2804:4574:bc:9::213]",
            "admin_pass": null,
            "all_metadata": {},
            "all_tags": [],
            "availability_zone": "sp-01-a",
            "availability_zone_hints": null,
            "block_device": [
              {
                "boot_index": 0,
                "delete_on_termination": true,
                "destination_type": "volume",
                "device_type": "",
                "disk_bus": "",
                "guest_format": "",
                "source_type": "image",
                "uuid": "4b17fe1c-333d-49c0-8b82-6d5a9239979b",
                "volume_size": 30,
                "volume_type": ""
              }
            ],
            "config_drive": null,
            "flavor_id": "bc1-b-2-4",
            "flavor_name": "bc1-basic-2-4",
            "floating_ip": null,
            "force_delete": false,
            "id": "03d59a58-a905-4c93-9c7b-0c778a302e90",
            "image_id": "Attempt to boot from volume - no image supplied",
            "image_name": null,
            "key_pair": "user-key",
            "metadata": null,
            "name": "front01",
            "network": [
              {
                "access_network": false,
                "fixed_ip_v4": "192.168.1.7",
                "fixed_ip_v6": "",
                "floating_ip": "",
                "mac": "fa:16:3e:5b:a2:3d",
                "name": "network-v4",
                "port": "11e429b1-88e0-4f32-ad79-391df941ba33",
                "uuid": "3ccb674f-dd6a-4b6b-ac9e-f6ce3467cb75"
              },
              {
                "access_network": false,
                "fixed_ip_v4": "",
                "fixed_ip_v6": "[2804:4574:bc:9::213]",
                "floating_ip": "",
                "mac": "fa:16:3e:22:37:1d",
                "name": "network-v6",
                "port": "7cf1cc9d-8631-41d0-9520-eda4326d1acf",
                "uuid": "d230f10a-d7cc-48fc-bdc2-45ea18c0b193"
              }
            ],
            "network_mode": null,
            "personality": [],
            "power_state": "active",
            "region": "BR-SP-01",
            "scheduler_hints": [],
            "security_groups": [
              "db",
              "http",
              "ssh"
            ],
            "stop_before_destroy": false,
            "tags": null,
            "timeouts": null,
            "user_data": null,
            "vendor_options": [],
            "volume": []
          },
          "sensitive_attributes": [],
          "private": "eyJlMmJmYjczMC1lY2FhLTExZTYtOGY4OC0zNDM2M2JjN2M0YzAiOnsiY3JlYXRlIjoxODAwMDAwMDAwMDAwLCJkZWxldGUiOjE4MDAwMDAwMDAwMDAsInVwZGF0ZSI6MTgwMDAwMDAwMDAwMH19",
          "dependencies": [
            "data.openstack_images_image_v2.ubuntu_current",
            "openstack_compute_keypair_v2.user_key",
            "openstack_compute_secgroup_v2.db",
            "openstack_compute_secgroup_v2.http",
            "openstack_compute_secgroup_v2.ssh",
            "openstack_networking_network_v2.network_v4",
            "openstack_networking_network_v2.network_v6",
            "openstack_networking_port_v2.db_int_v4",
            "openstack_networking_port_v2.db_int_v6",
            "openstack_networking_subnet_v2.subnet_v4",
            "openstack_networking_subnet_v2.subnet_v6"
          ]
        }
      ]
    },
    {
      "mode": "managed",
      "type": "openstack_compute_instance_v2",
      "name": "http",
      "provider": "provider[\"registry.terraform.io/terraform-provider-openstack/openstack\"]",
      "instances": [
        {
          "schema_version": 0,
          "attributes": {
            "access_ip_v4": "192.168.1.22",
            "access_ip_v6": "[2804:4574:bc:9::158]",
            "admin_pass": null,
            "all_metadata": {},
            "all_tags": [],
            "availability_zone": "sp-01-a",
            "availability_zone_hints": null,
            "block_device": [
              {
                "boot_index": 0,
                "delete_on_termination": true,
                "destination_type": "volume",
                "device_type": "",
                "disk_bus": "",
                "guest_format": "",
                "source_type": "image",
                "uuid": "4b17fe1c-333d-49c0-8b82-6d5a9239979b",
                "volume_size": 30,
                "volume_type": ""
              }
            ],
            "config_drive": null,
            "flavor_id": "bc1-b-1-2",
            "flavor_name": "bc1-basic-1-2",
            "floating_ip": null,
            "force_delete": false,
            "id": "e6e4545a-dd23-49e1-b187-9bf8313fcdc6",
            "image_id": "Attempt to boot from volume - no image supplied",
            "image_name": null,
            "key_pair": "user-key",
            "metadata": null,
            "name": "http-instance",
            "network": [
              {
                "access_network": false,
                "fixed_ip_v4": "192.168.1.22",
                "fixed_ip_v6": "",
                "floating_ip": "",
                "mac": "fa:16:3e:6b:ac:17",
                "name": "network-v4",
                "port": "77523b84-6854-4755-9531-e52ba6cd46d8",
                "uuid": "3ccb674f-dd6a-4b6b-ac9e-f6ce3467cb75"
              },
              {
                "access_network": false,
                "fixed_ip_v4": "",
                "fixed_ip_v6": "[2804:4574:bc:9::158]",
                "floating_ip": "",
                "mac": "fa:16:3e:b6:54:6c",
                "name": "network-v6",
                "port": "ad7211e6-6a0c-421a-9b7a-16f124cc5fce",
                "uuid": "d230f10a-d7cc-48fc-bdc2-45ea18c0b193"
              }
            ],
            "network_mode": null,
            "personality": [],
            "power_state": "active",
            "region": "BR-SP-01",
            "scheduler_hints": [],
            "security_groups": [
              "http",
              "ssh"
            ],
            "stop_before_destroy": false,
            "tags": null,
            "timeouts": null,
            "user_data": "fcc2de5aca54fee31e6e1512ecdc699455b6341c",
            "vendor_options": [],
            "volume": []
          },
          "sensitive_attributes": [],
          "private": "eyJlMmJmYjczMC1lY2FhLTExZTYtOGY4OC0zNDM2M2JjN2M0YzAiOnsiY3JlYXRlIjoxODAwMDAwMDAwMDAwLCJkZWxldGUiOjE4MDAwMDAwMDAwMDAsInVwZGF0ZSI6MTgwMDAwMDAwMDAwMH19",
          "dependencies": [
            "data.openstack_images_image_v2.ubuntu_current",
            "openstack_compute_keypair_v2.user_key",
            "openstack_compute_secgroup_v2.http",
            "openstack_compute_secgroup_v2.ssh",
            "openstack_networking_network_v2.network_v4",
            "openstack_networking_network_v2.network_v6",
            "openstack_networking_port_v2.http_int_v4",
            "openstack_networking_port_v2.http_int_v6",
            "openstack_networking_subnet_v2.subnet_v4",
            "openstack_networking_subnet_v2.subnet_v6"
          ]
        }
      ]
    },
    {
      "mode": "managed",
      "type": "openstack_compute_keypair_v2",
      "name": "user_key",
      "provider": "provider[\"registry.terraform.io/terraform-provider-openstack/openstack\"]",
      "instances": [
        {
          "schema_version": 0,
          "attributes": {
            "fingerprint": "2a:96:ba:25:15:3a:d8:b3:79:64:1d:de:46:f9:cc:ba",
            "id": "user-key",
            "name": "user-key",
            "private_key": "",
            "public_key": "ssh-rsa AAAAB3NzaC1yc2EAAAADAQABAAABAQDBbVAYTW8J3OUiS32ZPi7aGyRkd51pesaemkJCXSpML2i20LZpZudmTYaNhQzzEpB1lu9Y33Cfko8uHJhIT7ZdFysJpx3ycDvu+9ICYNbyv5enX8CN8wvAlA1w3hd9Xcv7g8tyD5I3Qrt+TxfHfyGV9XFkEQaNmk/KOh2nha2avMgNMUZXD+Sjf6j0m91NbziVPWCzSnFKwEmW8qWt+MCQRMJ18KNKmacFgCjE0lHtpsBlCc8fnRrW0JaK7CQJnQ5buWzjEOHLUUdIa/TysAf9tjtlCNrnLDP1WJRBh+8aGw6+wqjKncVoi5ZuLTC5aiak2VbTG6/ROifM27tKDsFL Generated-by-Nova",
            "region": "BR-SP-01",
            "value_specs": null
          },
          "sensitive_attributes": [],
          "private": "bnVsbA=="
        }
      ]
    },
    {
      "mode": "managed",
      "type": "openstack_compute_secgroup_v2",
      "name": "db",
      "provider": "provider[\"registry.terraform.io/terraform-provider-openstack/openstack\"]",
      "instances": [
        {
          "schema_version": 0,
          "attributes": {
            "description": "Open input db port",
            "id": "8e16dcf3-f6cf-4f90-a234-d1bdbbdc9d4a",
            "name": "db",
            "region": "BR-SP-01",
            "rule": [
              {
                "cidr": "0.0.0.0/0",
                "from_group_id": "",
                "from_port": 3306,
                "id": "644fd8a6-3e74-4677-ae4a-e2db7ad779c1",
                "ip_protocol": "tcp",
                "self": false,
                "to_port": 3306
              },
              {
                "cidr": "::/0",
                "from_group_id": "",
                "from_port": 3306,
                "id": "49f691f7-48db-42db-ac2d-09bc30e99a3e",
                "ip_protocol": "tcp",
                "self": false,
                "to_port": 3306
              }
            ],
            "timeouts": null
          },
          "sensitive_attributes": [],
          "private": "eyJlMmJmYjczMC1lY2FhLTExZTYtOGY4OC0zNDM2M2JjN2M0YzAiOnsiZGVsZXRlIjo2MDAwMDAwMDAwMDB9fQ=="
        }
      ]
    },
    {
      "mode": "managed",
      "type": "openstack_compute_secgroup_v2",
      "name": "http",
      "provider": "provider[\"registry.terraform.io/terraform-provider-openstack/openstack\"]",
      "instances": [
        {
          "schema_version": 0,
          "attributes": {
            "description": "Open input http port",
            "id": "d5cb06ce-4caf-48fe-8db2-15a888b7a3df",
            "name": "http",
            "region": "BR-SP-01",
            "rule": [
              {
                "cidr": "0.0.0.0/0",
                "from_group_id": "",
                "from_port": 80,
                "id": "3c62544b-7ce7-482a-8d3f-83cebf113206",
                "ip_protocol": "tcp",
                "self": false,
                "to_port": 80
              },
              {
                "cidr": "::/0",
                "from_group_id": "",
                "from_port": 80,
                "id": "ad6d76de-7b6e-478a-b219-cd90a3b07cbb",
                "ip_protocol": "tcp",
                "self": false,
                "to_port": 80
              }
            ],
            "timeouts": null
          },
          "sensitive_attributes": [],
          "private": "eyJlMmJmYjczMC1lY2FhLTExZTYtOGY4OC0zNDM2M2JjN2M0YzAiOnsiZGVsZXRlIjo2MDAwMDAwMDAwMDB9fQ=="
        }
      ]
    },
    {
      "mode": "managed",
      "type": "openstack_compute_secgroup_v2",
      "name": "ssh",
      "provider": "provider[\"registry.terraform.io/terraform-provider-openstack/openstack\"]",
      "instances": [
        {
          "schema_version": 0,
          "attributes": {
            "description": "Open input ssh port",
            "id": "29dada4b-30cf-4b1d-af4b-479cdfc84634",
            "name": "ssh",
            "region": "BR-SP-01",
            "rule": [
              {
                "cidr": "0.0.0.0/0",
                "from_group_id": "",
                "from_port": 22,
                "id": "c195bdc8-5713-4282-bdbd-e2c14564d5b6",
                "ip_protocol": "tcp",
                "self": false,
                "to_port": 22
              },
              {
                "cidr": "::/0",
                "from_group_id": "",
                "from_port": 22,
                "id": "4f8422be-fb87-48e6-9a1c-6b75e2b676be",
                "ip_protocol": "tcp",
                "self": false,
                "to_port": 22
              }
            ],
            "timeouts": null
          },
          "sensitive_attributes": [],
          "private": "eyJlMmJmYjczMC1lY2FhLTExZTYtOGY4OC0zNDM2M2JjN2M0YzAiOnsiZGVsZXRlIjo2MDAwMDAwMDAwMDB9fQ=="
        }
      ]
    },
    {
      "mode": "managed",
      "type": "openstack_compute_volume_attach_v2",
      "name": "db",
      "provider": "provider[\"registry.terraform.io/terraform-provider-openstack/openstack\"]",
      "instances": [
        {
          "schema_version": 0,
          "attributes": {
            "device": "/dev/sdb",
            "id": "03d59a58-a905-4c93-9c7b-0c778a302e90/4be5e28b-91cf-4dfd-8725-bc45aa4dd46b",
            "instance_id": "03d59a58-a905-4c93-9c7b-0c778a302e90",
            "multiattach": null,
            "region": "BR-SP-01",
            "timeouts": null,
            "vendor_options": [],
            "volume_id": "4be5e28b-91cf-4dfd-8725-bc45aa4dd46b"
          },
          "sensitive_attributes": [],
          "private": "eyJlMmJmYjczMC1lY2FhLTExZTYtOGY4OC0zNDM2M2JjN2M0YzAiOnsiY3JlYXRlIjo2MDAwMDAwMDAwMDAsImRlbGV0ZSI6NjAwMDAwMDAwMDAwfX0=",
          "dependencies": [
            "data.openstack_images_image_v2.ubuntu_current",
            "openstack_blockstorage_volume_v2.db",
            "openstack_compute_instance_v2.db",
            "openstack_compute_keypair_v2.user_key",
            "openstack_compute_secgroup_v2.db",
            "openstack_compute_secgroup_v2.http",
            "openstack_compute_secgroup_v2.ssh",
            "openstack_networking_network_v2.network_v4",
            "openstack_networking_network_v2.network_v6",
            "openstack_networking_port_v2.db_int_v4",
            "openstack_networking_port_v2.db_int_v6",
            "openstack_networking_subnet_v2.subnet_v4",
            "openstack_networking_subnet_v2.subnet_v6"
          ]
        }
      ]
    },
    {
      "mode": "managed",
      "type": "openstack_networking_network_v2",
      "name": "network_v4",
      "provider": "provider[\"registry.terraform.io/terraform-provider-openstack/openstack\"]",
      "instances": [
        {
          "schema_version": 0,
          "attributes": {
            "admin_state_up": true,
            "all_tags": [],
            "availability_zone_hints": [],
            "description": "",
            "dns_domain": "",
            "external": false,
            "id": "3ccb674f-dd6a-4b6b-ac9e-f6ce3467cb75",
            "mtu": 1500,
            "name": "network-v4",
            "port_security_enabled": true,
            "qos_policy_id": "",
            "region": "BR-SP-01",
            "segments": [],
            "shared": false,
            "tags": null,
            "tenant_id": "695912b6be45400b9cbaa63299ef4375",
            "timeouts": null,
            "transparent_vlan": false,
            "value_specs": null
          },
          "sensitive_attributes": [],
          "private": "eyJlMmJmYjczMC1lY2FhLTExZTYtOGY4OC0zNDM2M2JjN2M0YzAiOnsiY3JlYXRlIjo2MDAwMDAwMDAwMDAsImRlbGV0ZSI6NjAwMDAwMDAwMDAwfX0="
        }
      ]
    },
    {
      "mode": "managed",
      "type": "openstack_networking_network_v2",
      "name": "network_v6",
      "provider": "provider[\"registry.terraform.io/terraform-provider-openstack/openstack\"]",
      "instances": [
        {
          "schema_version": 0,
          "attributes": {
            "admin_state_up": true,
            "all_tags": [],
            "availability_zone_hints": [],
            "description": "",
            "dns_domain": "",
            "external": false,
            "id": "d230f10a-d7cc-48fc-bdc2-45ea18c0b193",
            "mtu": 1500,
            "name": "network-v6",
            "port_security_enabled": true,
            "qos_policy_id": "",
            "region": "BR-SP-01",
            "segments": [],
            "shared": false,
            "tags": null,
            "tenant_id": "695912b6be45400b9cbaa63299ef4375",
            "timeouts": null,
            "transparent_vlan": false,
            "value_specs": null
          },
          "sensitive_attributes": [],
          "private": "eyJlMmJmYjczMC1lY2FhLTExZTYtOGY4OC0zNDM2M2JjN2M0YzAiOnsiY3JlYXRlIjo2MDAwMDAwMDAwMDAsImRlbGV0ZSI6NjAwMDAwMDAwMDAwfX0="
        }
      ]
    },
    {
      "mode": "managed",
      "type": "openstack_networking_port_v2",
      "name": "db_int_v4",
      "provider": "provider[\"registry.terraform.io/terraform-provider-openstack/openstack\"]",
      "instances": [
        {
          "schema_version": 0,
          "attributes": {
            "admin_state_up": true,
            "all_fixed_ips": [
              "192.168.1.7"
            ],
            "all_security_group_ids": [
              "29dada4b-30cf-4b1d-af4b-479cdfc84634",
              "8e16dcf3-f6cf-4f90-a234-d1bdbbdc9d4a"
            ],
            "all_tags": [],
            "allowed_address_pairs": [],
            "binding": [
              {
                "host_id": "",
                "profile": "{}",
                "vif_details": {},
                "vif_type": "unbound",
                "vnic_type": "normal"
              }
            ],
            "description": "",
            "device_id": "",
            "device_owner": "",
            "dns_assignment": [
              {
                "fqdn": "host-192-168-1-7.vm.wse.zone.",
                "hostname": "host-192-168-1-7",
                "ip_address": "192.168.1.7"
              }
            ],
            "dns_name": "",
            "extra_dhcp_option": [],
            "fixed_ip": [
              {
                "ip_address": "",
                "subnet_id": "3df9819e-5073-4ce7-afe8-88175676b773"
              }
            ],
            "id": "11e429b1-88e0-4f32-ad79-391df941ba33",
            "mac_address": "fa:16:3e:5b:a2:3d",
            "name": "port-instance-db",
            "network_id": "3ccb674f-dd6a-4b6b-ac9e-f6ce3467cb75",
            "no_fixed_ip": null,
            "no_security_groups": null,
            "port_security_enabled": true,
            "qos_policy_id": "",
            "region": "BR-SP-01",
            "security_group_ids": [
              "29dada4b-30cf-4b1d-af4b-479cdfc84634",
              "8e16dcf3-f6cf-4f90-a234-d1bdbbdc9d4a"
            ],
            "tags": null,
            "tenant_id": "695912b6be45400b9cbaa63299ef4375",
            "timeouts": null,
            "value_specs": null
          },
          "sensitive_attributes": [],
          "private": "eyJlMmJmYjczMC1lY2FhLTExZTYtOGY4OC0zNDM2M2JjN2M0YzAiOnsiY3JlYXRlIjo2MDAwMDAwMDAwMDAsImRlbGV0ZSI6NjAwMDAwMDAwMDAwfX0=",
          "dependencies": [
            "openstack_compute_secgroup_v2.db",
            "openstack_compute_secgroup_v2.ssh",
            "openstack_networking_network_v2.network_v4",
            "openstack_networking_subnet_v2.subnet_v4"
          ]
        }
      ]
    },
    {
      "mode": "managed",
      "type": "openstack_networking_port_v2",
      "name": "db_int_v6",
      "provider": "provider[\"registry.terraform.io/terraform-provider-openstack/openstack\"]",
      "instances": [
        {
          "schema_version": 0,
          "attributes": {
            "admin_state_up": true,
            "all_fixed_ips": [
              "2804:4574:bc:9::213"
            ],
            "all_security_group_ids": [
              "29dada4b-30cf-4b1d-af4b-479cdfc84634",
              "d5cb06ce-4caf-48fe-8db2-15a888b7a3df"
            ],
            "all_tags": [],
            "allowed_address_pairs": [],
            "binding": [
              {
                "host_id": "",
                "profile": "{}",
                "vif_details": {},
                "vif_type": "unbound",
                "vnic_type": "normal"
              }
            ],
            "description": "",
            "device_id": "",
            "device_owner": "",
            "dns_assignment": [
              {
                "fqdn": "host-2804-4574-bc-9--213.vm.wse.zone.",
                "hostname": "host-2804-4574-bc-9--213",
                "ip_address": "2804:4574:bc:9::213"
              }
            ],
            "dns_name": "",
            "extra_dhcp_option": [],
            "fixed_ip": [
              {
                "ip_address": "",
                "subnet_id": "31f6ea3d-ba74-4f4b-a0f2-080d154dda9a"
              }
            ],
            "id": "7cf1cc9d-8631-41d0-9520-eda4326d1acf",
            "mac_address": "fa:16:3e:22:37:1d",
            "name": "port-instance-dbv6",
            "network_id": "d230f10a-d7cc-48fc-bdc2-45ea18c0b193",
            "no_fixed_ip": null,
            "no_security_groups": null,
            "port_security_enabled": true,
            "qos_policy_id": "",
            "region": "BR-SP-01",
            "security_group_ids": [
              "29dada4b-30cf-4b1d-af4b-479cdfc84634",
              "d5cb06ce-4caf-48fe-8db2-15a888b7a3df"
            ],
            "tags": null,
            "tenant_id": "695912b6be45400b9cbaa63299ef4375",
            "timeouts": null,
            "value_specs": null
          },
          "sensitive_attributes": [],
          "private": "eyJlMmJmYjczMC1lY2FhLTExZTYtOGY4OC0zNDM2M2JjN2M0YzAiOnsiY3JlYXRlIjo2MDAwMDAwMDAwMDAsImRlbGV0ZSI6NjAwMDAwMDAwMDAwfX0=",
          "dependencies": [
            "openstack_compute_secgroup_v2.http",
            "openstack_compute_secgroup_v2.ssh",
            "openstack_networking_network_v2.network_v6",
            "openstack_networking_subnet_v2.subnet_v6"
          ]
        }
      ]
    },
    {
      "mode": "managed",
      "type": "openstack_networking_port_v2",
      "name": "http_int_v4",
      "provider": "provider[\"registry.terraform.io/terraform-provider-openstack/openstack\"]",
      "instances": [
        {
          "schema_version": 0,
          "attributes": {
            "admin_state_up": true,
            "all_fixed_ips": [
              "192.168.1.22"
            ],
            "all_security_group_ids": [
              "29dada4b-30cf-4b1d-af4b-479cdfc84634",
              "d5cb06ce-4caf-48fe-8db2-15a888b7a3df"
            ],
            "all_tags": [],
            "allowed_address_pairs": [],
            "binding": [
              {
                "host_id": "",
                "profile": "{}",
                "vif_details": {},
                "vif_type": "unbound",
                "vnic_type": "normal"
              }
            ],
            "description": "",
            "device_id": "",
            "device_owner": "",
            "dns_assignment": [
              {
                "fqdn": "host-192-168-1-22.vm.wse.zone.",
                "hostname": "host-192-168-1-22",
                "ip_address": "192.168.1.22"
              }
            ],
            "dns_name": "",
            "extra_dhcp_option": [],
            "fixed_ip": [
              {
                "ip_address": "",
                "subnet_id": "3df9819e-5073-4ce7-afe8-88175676b773"
              }
            ],
            "id": "77523b84-6854-4755-9531-e52ba6cd46d8",
            "mac_address": "fa:16:3e:6b:ac:17",
            "name": "port-instance-http",
            "network_id": "3ccb674f-dd6a-4b6b-ac9e-f6ce3467cb75",
            "no_fixed_ip": null,
            "no_security_groups": null,
            "port_security_enabled": true,
            "qos_policy_id": "",
            "region": "BR-SP-01",
            "security_group_ids": [
              "29dada4b-30cf-4b1d-af4b-479cdfc84634",
              "d5cb06ce-4caf-48fe-8db2-15a888b7a3df"
            ],
            "tags": null,
            "tenant_id": "695912b6be45400b9cbaa63299ef4375",
            "timeouts": null,
            "value_specs": null
          },
          "sensitive_attributes": [],
          "private": "eyJlMmJmYjczMC1lY2FhLTExZTYtOGY4OC0zNDM2M2JjN2M0YzAiOnsiY3JlYXRlIjo2MDAwMDAwMDAwMDAsImRlbGV0ZSI6NjAwMDAwMDAwMDAwfX0=",
          "dependencies": [
            "openstack_compute_secgroup_v2.http",
            "openstack_compute_secgroup_v2.ssh",
            "openstack_networking_network_v2.network_v4",
            "openstack_networking_subnet_v2.subnet_v4"
          ]
        }
      ]
    },
    {
      "mode": "managed",
      "type": "openstack_networking_port_v2",
      "name": "http_int_v6",
      "provider": "provider[\"registry.terraform.io/terraform-provider-openstack/openstack\"]",
      "instances": [
        {
          "schema_version": 0,
          "attributes": {
            "admin_state_up": true,
            "all_fixed_ips": [
              "2804:4574:bc:9::158"
            ],
            "all_security_group_ids": [
              "29dada4b-30cf-4b1d-af4b-479cdfc84634",
              "d5cb06ce-4caf-48fe-8db2-15a888b7a3df"
            ],
            "all_tags": [],
            "allowed_address_pairs": [],
            "binding": [
              {
                "host_id": "",
                "profile": "{}",
                "vif_details": {},
                "vif_type": "unbound",
                "vnic_type": "normal"
              }
            ],
            "description": "",
            "device_id": "",
            "device_owner": "",
            "dns_assignment": [
              {
                "fqdn": "host-2804-4574-bc-9--158.vm.wse.zone.",
                "hostname": "host-2804-4574-bc-9--158",
                "ip_address": "2804:4574:bc:9::158"
              }
            ],
            "dns_name": "",
            "extra_dhcp_option": [],
            "fixed_ip": [
              {
                "ip_address": "",
                "subnet_id": "31f6ea3d-ba74-4f4b-a0f2-080d154dda9a"
              }
            ],
            "id": "ad7211e6-6a0c-421a-9b7a-16f124cc5fce",
            "mac_address": "fa:16:3e:b6:54:6c",
            "name": "port-instance-httpv6",
            "network_id": "d230f10a-d7cc-48fc-bdc2-45ea18c0b193",
            "no_fixed_ip": null,
            "no_security_groups": null,
            "port_security_enabled": true,
            "qos_policy_id": "",
            "region": "BR-SP-01",
            "security_group_ids": [
              "29dada4b-30cf-4b1d-af4b-479cdfc84634",
              "d5cb06ce-4caf-48fe-8db2-15a888b7a3df"
            ],
            "tags": null,
            "tenant_id": "695912b6be45400b9cbaa63299ef4375",
            "timeouts": null,
            "value_specs": null
          },
          "sensitive_attributes": [],
          "private": "eyJlMmJmYjczMC1lY2FhLTExZTYtOGY4OC0zNDM2M2JjN2M0YzAiOnsiY3JlYXRlIjo2MDAwMDAwMDAwMDAsImRlbGV0ZSI6NjAwMDAwMDAwMDAwfX0=",
          "dependencies": [
            "openstack_compute_secgroup_v2.http",
            "openstack_compute_secgroup_v2.ssh",
            "openstack_networking_network_v2.network_v6",
            "openstack_networking_subnet_v2.subnet_v6"
          ]
        }
      ]
    },
    {
      "mode": "managed",
      "type": "openstack_networking_router_interface_v2",
      "name": "int_router_v4",
      "provider": "provider[\"registry.terraform.io/terraform-provider-openstack/openstack\"]",
      "instances": [
        {
          "schema_version": 0,
          "attributes": {
            "id": "3022e7ac-5f2d-4889-a260-b8b23b313b99",
            "port_id": "3022e7ac-5f2d-4889-a260-b8b23b313b99",
            "region": "BR-SP-01",
            "router_id": "a948c697-d8c0-43e8-b13e-6ec10f2a733a",
            "subnet_id": "3df9819e-5073-4ce7-afe8-88175676b773",
            "timeouts": null
          },
          "sensitive_attributes": [],
          "private": "eyJlMmJmYjczMC1lY2FhLTExZTYtOGY4OC0zNDM2M2JjN2M0YzAiOnsiY3JlYXRlIjo2MDAwMDAwMDAwMDAsImRlbGV0ZSI6NjAwMDAwMDAwMDAwfX0=",
          "dependencies": [
            "openstack_networking_network_v2.network_v4",
            "openstack_networking_router_v2.router_v4",
            "openstack_networking_subnet_v2.subnet_v4"
          ]
        }
      ]
    },
    {
      "mode": "managed",
      "type": "openstack_networking_router_interface_v2",
      "name": "int_router_v6",
      "provider": "provider[\"registry.terraform.io/terraform-provider-openstack/openstack\"]",
      "instances": [
        {
          "schema_version": 0,
          "attributes": {
            "id": "9ecbcd8c-0029-44af-ab7b-6b9096c39d70",
            "port_id": "9ecbcd8c-0029-44af-ab7b-6b9096c39d70",
            "region": "BR-SP-01",
            "router_id": "1dd8b662-f9a2-4a63-a4f5-c151ee8d16d7",
            "subnet_id": "31f6ea3d-ba74-4f4b-a0f2-080d154dda9a",
            "timeouts": null
          },
          "sensitive_attributes": [],
          "private": "eyJlMmJmYjczMC1lY2FhLTExZTYtOGY4OC0zNDM2M2JjN2M0YzAiOnsiY3JlYXRlIjo2MDAwMDAwMDAwMDAsImRlbGV0ZSI6NjAwMDAwMDAwMDAwfX0=",
          "dependencies": [
            "openstack_networking_network_v2.network_v6",
            "openstack_networking_router_v2.router_v6",
            "openstack_networking_subnet_v2.subnet_v6"
          ]
        }
      ]
    },
    {
      "mode": "managed",
      "type": "openstack_networking_router_v2",
      "name": "router_v4",
      "provider": "provider[\"registry.terraform.io/terraform-provider-openstack/openstack\"]",
      "instances": [
        {
          "schema_version": 0,
          "attributes": {
            "admin_state_up": true,
            "all_tags": [],
            "availability_zone_hints": [],
            "description": "",
            "distributed": false,
            "enable_snat": true,
            "external_fixed_ip": [
              {
                "ip_address": "45.225.26.235",
                "subnet_id": "15a16e19-51cd-426e-9924-275be4b8dde3"
              }
            ],
            "external_gateway": "4d1b36da-94e9-4acc-8d3e-c41f9fb6f11b",
            "external_network_id": "4d1b36da-94e9-4acc-8d3e-c41f9fb6f11b",
            "id": "a948c697-d8c0-43e8-b13e-6ec10f2a733a",
            "name": "router-v4",
            "region": "BR-SP-01",
            "tags": null,
            "tenant_id": "695912b6be45400b9cbaa63299ef4375",
            "timeouts": null,
            "value_specs": null,
            "vendor_options": []
          },
          "sensitive_attributes": [],
          "private": "eyJlMmJmYjczMC1lY2FhLTExZTYtOGY4OC0zNDM2M2JjN2M0YzAiOnsiY3JlYXRlIjo2MDAwMDAwMDAwMDAsImRlbGV0ZSI6NjAwMDAwMDAwMDAwfX0="
        }
      ]
    },
    {
      "mode": "managed",
      "type": "openstack_networking_router_v2",
      "name": "router_v6",
      "provider": "provider[\"registry.terraform.io/terraform-provider-openstack/openstack\"]",
      "instances": [
        {
          "schema_version": 0,
          "attributes": {
            "admin_state_up": true,
            "all_tags": [],
            "availability_zone_hints": [],
            "description": "",
            "distributed": false,
            "enable_snat": true,
            "external_fixed_ip": [
              {
                "ip_address": "2804:4574:80::fc",
                "subnet_id": "2c433627-6eaa-49c0-b191-0c0b944c7b99"
              }
            ],
            "external_gateway": "d60a0dd1-0ead-47b8-9d0c-d40a9710151c",
            "external_network_id": "d60a0dd1-0ead-47b8-9d0c-d40a9710151c",
            "id": "1dd8b662-f9a2-4a63-a4f5-c151ee8d16d7",
            "name": "router-v6",
            "region": "BR-SP-01",
            "tags": null,
            "tenant_id": "695912b6be45400b9cbaa63299ef4375",
            "timeouts": null,
            "value_specs": null,
            "vendor_options": []
          },
          "sensitive_attributes": [],
          "private": "eyJlMmJmYjczMC1lY2FhLTExZTYtOGY4OC0zNDM2M2JjN2M0YzAiOnsiY3JlYXRlIjo2MDAwMDAwMDAwMDAsImRlbGV0ZSI6NjAwMDAwMDAwMDAwfX0="
        }
      ]
    },
    {
      "mode": "managed",
      "type": "openstack_networking_subnet_v2",
      "name": "subnet_v4",
      "provider": "provider[\"registry.terraform.io/terraform-provider-openstack/openstack\"]",
      "instances": [
        {
          "schema_version": 0,
          "attributes": {
            "all_tags": [],
            "allocation_pool": [
              {
                "end": "192.168.1.254",
                "start": "192.168.1.2"
              }
            ],
            "allocation_pools": [
              {
                "end": "192.168.1.254",
                "start": "192.168.1.2"
              }
            ],
            "cidr": "192.168.1.0/24",
            "description": "",
            "dns_nameservers": [
              "8.8.8.8",
              "8.8.4.4"
            ],
            "enable_dhcp": true,
            "gateway_ip": "192.168.1.1",
            "host_routes": [],
            "id": "3df9819e-5073-4ce7-afe8-88175676b773",
            "ip_version": 4,
            "ipv6_address_mode": "",
            "ipv6_ra_mode": "",
            "name": "subnet-v4",
            "network_id": "3ccb674f-dd6a-4b6b-ac9e-f6ce3467cb75",
            "no_gateway": false,
            "prefix_length": null,
            "region": "BR-SP-01",
            "subnetpool_id": "",
            "tags": null,
            "tenant_id": "695912b6be45400b9cbaa63299ef4375",
            "timeouts": null,
            "value_specs": null
          },
          "sensitive_attributes": [],
          "private": "eyJlMmJmYjczMC1lY2FhLTExZTYtOGY4OC0zNDM2M2JjN2M0YzAiOnsiY3JlYXRlIjo2MDAwMDAwMDAwMDAsImRlbGV0ZSI6NjAwMDAwMDAwMDAwfX0=",
          "dependencies": [
            "openstack_networking_network_v2.network_v4"
          ]
        }
      ]
    },
    {
      "mode": "managed",
      "type": "openstack_networking_subnet_v2",
      "name": "subnet_v6",
      "provider": "provider[\"registry.terraform.io/terraform-provider-openstack/openstack\"]",
      "instances": [
        {
          "schema_version": 0,
          "attributes": {
            "all_tags": [],
            "allocation_pool": [
              {
                "end": "2804:4574:bc:9:ffff:ffff:ffff:ffff",
                "start": "2804:4574:bc:9::2"
              }
            ],
            "allocation_pools": [
              {
                "end": "2804:4574:bc:9:ffff:ffff:ffff:ffff",
                "start": "2804:4574:bc:9::2"
              }
            ],
            "cidr": "2804:4574:bc:9::/64",
            "description": "",
            "dns_nameservers": [
              "2001:4860:4860::8888",
              "2001:4860:4860::8844"
            ],
            "enable_dhcp": true,
            "gateway_ip": "2804:4574:bc:9::1",
            "host_routes": [],
            "id": "31f6ea3d-ba74-4f4b-a0f2-080d154dda9a",
            "ip_version": 6,
            "ipv6_address_mode": "dhcpv6-stateful",
            "ipv6_ra_mode": "dhcpv6-stateful",
            "name": "subnet-v6",
            "network_id": "d230f10a-d7cc-48fc-bdc2-45ea18c0b193",
            "no_gateway": false,
            "prefix_length": null,
            "region": "BR-SP-01",
            "subnetpool_id": "ac275b0a-04af-4426-be4a-4e7f89e633f7",
            "tags": null,
            "tenant_id": "695912b6be45400b9cbaa63299ef4375",
            "timeouts": null,
            "value_specs": null
          },
          "sensitive_attributes": [],
          "private": "eyJlMmJmYjczMC1lY2FhLTExZTYtOGY4OC0zNDM2M2JjN2M0YzAiOnsiY3JlYXRlIjo2MDAwMDAwMDAwMDAsImRlbGV0ZSI6NjAwMDAwMDAwMDAwfX0=",
          "dependencies": [
            "openstack_networking_network_v2.network_v6"
          ]
        }
      ]
    }
  ]
}
